// !$*UTF8*$!
{
	archiveVersion = 1;
	classes = {
	};
	objectVersion = 46;
	objects = {

/* Begin PBXAggregateTarget section */
		55D45A7FC1BB65B1697C1FB8 /* ChuckRacks - All */ = {
			isa = PBXAggregateTarget;
			buildConfigurationList = 73B73054ABE7BF9FE38B1F0C /* Build configuration list for PBXAggregateTarget "ChuckRacks - All" */;
			buildPhases = (
			);
			dependencies = (
				2C10DECC6423C9A130606A33 /* PBXTargetDependency */,
				D0EFC23C80CC5D3B3B4BFF16 /* PBXTargetDependency */,
				AC47F01C73A543FBD25960AD /* PBXTargetDependency */,
			);
			name = "ChuckRacks - All";
			productName = ChuckRacks;
		};
/* End PBXAggregateTarget section */

/* Begin PBXBuildFile section */
		00DDC687CE21D492B84A616B /* ChuckCodeManagerComponent.cpp in Sources */ = {isa = PBXBuildFile; fileRef = 719E6609F910B805C4CCCB40 /* ChuckCodeManagerComponent.cpp */; };
		06FECC30DE41F62B01E513C9 /* ConsoleComponent.cpp in Sources */ = {isa = PBXBuildFile; fileRef = FA9F3CADE99C16A8240E5DA3 /* ConsoleComponent.cpp */; };
		09D919511FA08C5C0031367B /* RecentFilesMenuTemplate.nib in Resources */ = {isa = PBXBuildFile; fileRef = 7D3F07ABCAF731783E52330A /* RecentFilesMenuTemplate.nib */; };
		09D919521FA08C5C0031367B /* Accelerate.framework in Frameworks */ = {isa = PBXBuildFile; fileRef = DBD7FB6CA0CB853C89A0651B /* Accelerate.framework */; };
		09D919531FA08C5C0031367B /* AudioToolbox.framework in Frameworks */ = {isa = PBXBuildFile; fileRef = 685B3E834B154838B44ADE93 /* AudioToolbox.framework */; };
		09D919541FA08C5C0031367B /* Carbon.framework in Frameworks */ = {isa = PBXBuildFile; fileRef = 5DA2CF5F91DC7AE5BCF912F8 /* Carbon.framework */; };
		09D919551FA08C5C0031367B /* Cocoa.framework in Frameworks */ = {isa = PBXBuildFile; fileRef = F37B77C1D428879308032C28 /* Cocoa.framework */; };
		09D919561FA08C5C0031367B /* CoreAudio.framework in Frameworks */ = {isa = PBXBuildFile; fileRef = C0DC75FDA964B64D0D37F768 /* CoreAudio.framework */; };
		09D919571FA08C5C0031367B /* CoreMIDI.framework in Frameworks */ = {isa = PBXBuildFile; fileRef = 787344115D1704640525E130 /* CoreMIDI.framework */; };
		09D919581FA08C5C0031367B /* DiscRecording.framework in Frameworks */ = {isa = PBXBuildFile; fileRef = 206E6FCCC03DD6647D442E10 /* DiscRecording.framework */; };
		09D919591FA08C5C0031367B /* IOKit.framework in Frameworks */ = {isa = PBXBuildFile; fileRef = 0DFBEF76EC888A3185AFDAB9 /* IOKit.framework */; };
		09D9195A1FA08C5C0031367B /* QuartzCore.framework in Frameworks */ = {isa = PBXBuildFile; fileRef = 7D1F6B53A4F187489129DCF8 /* QuartzCore.framework */; };
		09D9195B1FA08C5C0031367B /* WebKit.framework in Frameworks */ = {isa = PBXBuildFile; fileRef = 07EAFBEC9017119381EC3443 /* WebKit.framework */; };
		09D9196E1FA08C990031367B /* libchuck.a in Frameworks */ = {isa = PBXBuildFile; fileRef = 09D919651FA08C700031367B /* libchuck.a */; };
		107457B19E4CA1DF2368136B /* include_juce_audio_devices.mm in Sources */ = {isa = PBXBuildFile; fileRef = FA022FBB61A50163EBA83B64 /* include_juce_audio_devices.mm */; };
		1D6D62CEEB7A0B7C97027042 /* PluginProcessor.cpp in Sources */ = {isa = PBXBuildFile; fileRef = 358F2318229424810E91D7AD /* PluginProcessor.cpp */; };
		1E25AF0A5E5D981F31D75E3C /* FileManager.cpp in Sources */ = {isa = PBXBuildFile; fileRef = 7BC0D62D3D8B331374E8624D /* FileManager.cpp */; };
		1FC71803D66A573DDE3CE3C9 /* CoreAudio.framework in Frameworks */ = {isa = PBXBuildFile; fileRef = C0DC75FDA964B64D0D37F768 /* CoreAudio.framework */; };
		2149927AC7A62085E7A27875 /* include_juce_audio_processors.mm in Sources */ = {isa = PBXBuildFile; fileRef = AB3BB43B6549F1971554F59E /* include_juce_audio_processors.mm */; };
		230A49204E62A3ED1BABC26E /* ChuckCodeComponent.cpp in Sources */ = {isa = PBXBuildFile; fileRef = ADC95D53AA2A17A8EB51DB52 /* ChuckCodeComponent.cpp */; };
		261C0F7B26470BDD23DB86B4 /* AudioUnit.framework in Frameworks */ = {isa = PBXBuildFile; fileRef = 195CFC445B6838C7A3463102 /* AudioUnit.framework */; };
		2C686F578A12A167033FEE54 /* CoreMIDI.framework in Frameworks */ = {isa = PBXBuildFile; fileRef = 787344115D1704640525E130 /* CoreMIDI.framework */; };
		348A995D1CE297C7DE3BC852 /* ParameterMapUI.cpp in Sources */ = {isa = PBXBuildFile; fileRef = B4CC0EAD82E8B2E33217517A /* ParameterMapUI.cpp */; };
		375C91DB6B6557C92A7079B6 /* include_juce_audio_utils.mm in Sources */ = {isa = PBXBuildFile; fileRef = D2A57B5B8731234BBF4E889F /* include_juce_audio_utils.mm */; };
		3C19A985CC730E1C3A900AAB /* include_juce_audio_basics.mm in Sources */ = {isa = PBXBuildFile; fileRef = 51068E753805CFB7DC211DBC /* include_juce_audio_basics.mm */; };
		3C56620C2BE81F01FAC30415 /* WebKit.framework in Frameworks */ = {isa = PBXBuildFile; fileRef = 07EAFBEC9017119381EC3443 /* WebKit.framework */; };
		3F87D414CCF97B510FBB15BC /* Counter.cpp in Sources */ = {isa = PBXBuildFile; fileRef = 4F74D23DF62ECE3920A9214E /* Counter.cpp */; };
		400764F7FA99804ECC5C23DD /* ulib_pluginhost.cpp in Sources */ = {isa = PBXBuildFile; fileRef = 09062C9D0352D334026BEAE3 /* ulib_pluginhost.cpp */; };
		41AA8EF9F9A37650287B3C4B /* RecentFilesMenuTemplate.nib in Resources */ = {isa = PBXBuildFile; fileRef = 7D3F07ABCAF731783E52330A /* RecentFilesMenuTemplate.nib */; };
		41EF463C28A4B8B0DD7B54E0 /* CoreAudioKit.framework in Frameworks */ = {isa = PBXBuildFile; fileRef = 9AF646D6EE5D5F17A7A9DB57 /* CoreAudioKit.framework */; };
		462A2DC140B7792E7962CBF5 /* include_juce_audio_plugin_client_AU_2.mm in Sources */ = {isa = PBXBuildFile; fileRef = 62DCE4CB8195CDD0655347FC /* include_juce_audio_plugin_client_AU_2.mm */; };
		46E7A7CDC463B141B9F00DF6 /* PluginEditor.cpp in Sources */ = {isa = PBXBuildFile; fileRef = C1F96D9B6D193DDD117CC893 /* PluginEditor.cpp */; };
		4B5434A53AC267CA944328E8 /* include_juce_audio_plugin_client_VST_utils.mm in Sources */ = {isa = PBXBuildFile; fileRef = 02DDE49AA4A3D4CC13E8565C /* include_juce_audio_plugin_client_VST_utils.mm */; };
		4B7026A27E66E718E0E3F2FB /* ChuckTokeniser.cpp in Sources */ = {isa = PBXBuildFile; fileRef = 44031EBA1FE062BE27783D0E /* ChuckTokeniser.cpp */; };
		570A811C00E304BFACA7F414 /* ChuckCodeModel.cpp in Sources */ = {isa = PBXBuildFile; fileRef = 9E492B65A8C095082A98261E /* ChuckCodeModel.cpp */; };
		57804041BB4814323F8E93B4 /* MainViewComponent.cpp in Sources */ = {isa = PBXBuildFile; fileRef = D292192FCDBDF0B4D2E4BC46 /* MainViewComponent.cpp */; };
		681BBE84277E826CE97B620A /* FloatParameter.cpp in Sources */ = {isa = PBXBuildFile; fileRef = 74FCF5A0D3E62FF5C5B7112E /* FloatParameter.cpp */; };
		73669F7F243F50900CD0DDE1 /* include_juce_audio_plugin_client_AU_1.mm in Sources */ = {isa = PBXBuildFile; fileRef = AE018512E108066AFE76FB50 /* include_juce_audio_plugin_client_AU_1.mm */; };
		849E4B9E994CC4639F9D9C54 /* include_juce_audio_plugin_client_AU.r in Rez */ = {isa = PBXBuildFile; fileRef = A53472E47A1F91BC46757B9C /* include_juce_audio_plugin_client_AU.r */; };
		87F60150A8ACA9BDB373B75F /* include_juce_audio_formats.mm in Sources */ = {isa = PBXBuildFile; fileRef = DC383019A7EDFD5395997FC1 /* include_juce_audio_formats.mm */; };
		9016CC57A47F209CE2AF6C55 /* include_juce_core.mm in Sources */ = {isa = PBXBuildFile; fileRef = 0906E95986AF186C72410987 /* include_juce_core.mm */; };
		90C529CEEFAC95DE80670339 /* BinaryData.cpp in Sources */ = {isa = PBXBuildFile; fileRef = ED099E9C10220A757D7261E5 /* BinaryData.cpp */; };
		97D1724F30FED339BA1FCAE0 /* Accelerate.framework in Frameworks */ = {isa = PBXBuildFile; fileRef = DBD7FB6CA0CB853C89A0651B /* Accelerate.framework */; };
		9FE14C00037A41A8DD5E08D2 /* DiscRecording.framework in Frameworks */ = {isa = PBXBuildFile; fileRef = 206E6FCCC03DD6647D442E10 /* DiscRecording.framework */; };
		A12B17872752723C29F7D5C5 /* include_juce_audio_plugin_client_utils.cpp in Sources */ = {isa = PBXBuildFile; fileRef = 593E99DA6524932B29B43E78 /* include_juce_audio_plugin_client_utils.cpp */; };
		A1A1C58594499C8619C13DD7 /* include_juce_data_structures.mm in Sources */ = {isa = PBXBuildFile; fileRef = 859273B489FB16E7094D539A /* include_juce_data_structures.mm */; };
		A2CA3E5194D4C2AA9BBEF7CC /* Cocoa.framework in Frameworks */ = {isa = PBXBuildFile; fileRef = F37B77C1D428879308032C28 /* Cocoa.framework */; };
		A5B0D0BF95349DC390ECC3B8 /* include_juce_gui_extra.mm in Sources */ = {isa = PBXBuildFile; fileRef = 19F3A0E13FA72C2A668373FB /* include_juce_gui_extra.mm */; };
		A75795F7DA2FB4BDBECB45E3 /* FilenameComponentExtra.cpp in Sources */ = {isa = PBXBuildFile; fileRef = D5459B40C2BF63C24CDBBD1E /* FilenameComponentExtra.cpp */; };
		AA32D3B2BA9F4B483A6FF28A /* AudioToolbox.framework in Frameworks */ = {isa = PBXBuildFile; fileRef = 685B3E834B154838B44ADE93 /* AudioToolbox.framework */; };
		B14AB33CF4142843D7F33C6D /* EditorPanelUI.cpp in Sources */ = {isa = PBXBuildFile; fileRef = 646467F41DB3FC05DAA26DD9 /* EditorPanelUI.cpp */; };
		B2CE6BBB128B4C54204C2F52 /* CustomLookAndFeel.cpp in Sources */ = {isa = PBXBuildFile; fileRef = 7619C75D333EFFED099E09E9 /* CustomLookAndFeel.cpp */; };
		B9A1DF8872E33A44158F9849 /* ChuckCodeModelManager.cpp in Sources */ = {isa = PBXBuildFile; fileRef = C5837B44EACA33ED845E5CE9 /* ChuckCodeModelManager.cpp */; };
		C9E4753543DACD5BA229AC2F /* CRTabbedComponent.cpp in Sources */ = {isa = PBXBuildFile; fileRef = 12FFC633ACD9ED51D101F636 /* CRTabbedComponent.cpp */; };
		D146D764FA2ECD7D5DB3C255 /* ConsoleGlobal.cpp in Sources */ = {isa = PBXBuildFile; fileRef = 3D685DE37B614DE8BAF1F187 /* ConsoleGlobal.cpp */; };
		D7C9468BE08C65CC0D47C6ED /* ulib_PluginParameters.cpp in Sources */ = {isa = PBXBuildFile; fileRef = B33C735F9820A5E1EC11B799 /* ulib_PluginParameters.cpp */; };
		D8D42FA4DB783759BD6D4FA7 /* include_juce_graphics.mm in Sources */ = {isa = PBXBuildFile; fileRef = FEDB42310CAB74B5F8E5A45D /* include_juce_graphics.mm */; };
		DDA0C37BAC41AB7959C75680 /* IOKit.framework in Frameworks */ = {isa = PBXBuildFile; fileRef = 0DFBEF76EC888A3185AFDAB9 /* IOKit.framework */; };
		E34B323B3AB09B8AF90BA5C3 /* include_juce_events.mm in Sources */ = {isa = PBXBuildFile; fileRef = D5BCE9B9CF15124D71DCAE1C /* include_juce_events.mm */; };
		E42A72286CF6C0E2BCE738B7 /* QuartzCore.framework in Frameworks */ = {isa = PBXBuildFile; fileRef = 7D1F6B53A4F187489129DCF8 /* QuartzCore.framework */; };
		E7D66F95C7B008DA3954EF05 /* include_juce_audio_plugin_client_VST2.cpp in Sources */ = {isa = PBXBuildFile; fileRef = 3BDEFF99B4437E1B4FB8610E /* include_juce_audio_plugin_client_VST2.cpp */; };
		EF35FD607420D60B302ECC4B /* include_juce_gui_basics.mm in Sources */ = {isa = PBXBuildFile; fileRef = 6B199CD0027ADE614EAE98C8 /* include_juce_gui_basics.mm */; };
		FEC164B4D1E12C146AE209D8 /* Carbon.framework in Frameworks */ = {isa = PBXBuildFile; fileRef = 5DA2CF5F91DC7AE5BCF912F8 /* Carbon.framework */; };
/* End PBXBuildFile section */

/* Begin PBXContainerItemProxy section */
		09D9195C1FA08C5C0031367B /* PBXContainerItemProxy */ = {
			isa = PBXContainerItemProxy;
			containerPortal = CCE4E2688D14EC4BFBC51676 /* Project object */;
			proxyType = 1;
			remoteGlobalIDString = A688325D2EEEF27BD3C63650;
			remoteInfo = "ChuckRacks - Shared Code";
		};
		09D9195D1FA08C5C0031367B /* PBXContainerItemProxy */ = {
			isa = PBXContainerItemProxy;
			containerPortal = CCE4E2688D14EC4BFBC51676 /* Project object */;
			proxyType = 1;
			remoteGlobalIDString = 2CC2BEEBC54AD84D910B8F2A;
			remoteInfo = "ChuckRacks - VST";
		};
		09D9195E1FA08C5C0031367B /* PBXContainerItemProxy */ = {
			isa = PBXContainerItemProxy;
			containerPortal = CCE4E2688D14EC4BFBC51676 /* Project object */;
			proxyType = 1;
			remoteGlobalIDString = FCDB9E4F47C1267DE8740CDB;
			remoteInfo = "ChuckRacks - AU";
		};
		09D919641FA08C700031367B /* PBXContainerItemProxy */ = {
			isa = PBXContainerItemProxy;
			containerPortal = 09D9195F1FA08C700031367B /* libchuck.xcodeproj */;
			proxyType = 2;
			remoteGlobalIDString = 09DDF97E1A9C6BB200F72155;
			remoteInfo = libchuck;
		};
		09D919661FA08C700031367B /* PBXContainerItemProxy */ = {
			isa = PBXContainerItemProxy;
			containerPortal = 09D9195F1FA08C700031367B /* libchuck.xcodeproj */;
			proxyType = 2;
			remoteGlobalIDString = 0946F8561AA85B080045E1C4;
			remoteInfo = "libchuck-iOS";
		};
		09D919691FA08C900031367B /* PBXContainerItemProxy */ = {
			isa = PBXContainerItemProxy;
			containerPortal = 09D9195F1FA08C700031367B /* libchuck.xcodeproj */;
			proxyType = 1;
			remoteGlobalIDString = 09DDF97D1A9C6BB200F72155;
			remoteInfo = libchuck;
		};
/* End PBXContainerItemProxy section */

/* Begin PBXFileReference section */
		02DDE49AA4A3D4CC13E8565C /* include_juce_audio_plugin_client_VST_utils.mm */ = {isa = PBXFileReference; lastKnownFileType = sourcecode.cpp.objcpp; name = include_juce_audio_plugin_client_VST_utils.mm; path = ../../JuceLibraryCode/include_juce_audio_plugin_client_VST_utils.mm; sourceTree = SOURCE_ROOT; };
		0449767416B56741D4F272F8 /* juce_audio_formats */ = {isa = PBXFileReference; lastKnownFileType = text; name = juce_audio_formats; path = ../../JuceLibraryCode/modules/juce_audio_formats; sourceTree = SOURCE_ROOT; };
		068FBDA583B72A4B0618203C /* ChuckRacks.vst */ = {isa = PBXFileReference; explicitFileType = wrapper.cfbundle; includeInIndex = 0; path = ChuckRacks.vst; sourceTree = BUILT_PRODUCTS_DIR; };
		0771327756FC7D999B495D94 /* ConsoleGlobal.h */ = {isa = PBXFileReference; lastKnownFileType = sourcecode.c.h; name = ConsoleGlobal.h; path = ../../Source/ConsoleGlobal.h; sourceTree = SOURCE_ROOT; };
		07EAFBEC9017119381EC3443 /* WebKit.framework */ = {isa = PBXFileReference; lastKnownFileType = wrapper.framework; name = WebKit.framework; path = System/Library/Frameworks/WebKit.framework; sourceTree = SDKROOT; };
		09062C9D0352D334026BEAE3 /* ulib_pluginhost.cpp */ = {isa = PBXFileReference; lastKnownFileType = sourcecode.cpp.cpp; name = ulib_pluginhost.cpp; path = ../../Source/ulib_pluginhost.cpp; sourceTree = SOURCE_ROOT; };
		0906E95986AF186C72410987 /* include_juce_core.mm */ = {isa = PBXFileReference; lastKnownFileType = sourcecode.cpp.objcpp; name = include_juce_core.mm; path = ../../JuceLibraryCode/include_juce_core.mm; sourceTree = SOURCE_ROOT; };
		09D9195F1FA08C700031367B /* libchuck.xcodeproj */ = {isa = PBXFileReference; lastKnownFileType = "wrapper.pb-project"; name = libchuck.xcodeproj; path = ../../libchuck/libchuck.xcodeproj; sourceTree = "<group>"; };
		0DFBEF76EC888A3185AFDAB9 /* IOKit.framework */ = {isa = PBXFileReference; lastKnownFileType = wrapper.framework; name = IOKit.framework; path = System/Library/Frameworks/IOKit.framework; sourceTree = SDKROOT; };
		0E9E20FCE34619481D7EF08F /* removeAllShredUp.svg */ = {isa = PBXFileReference; lastKnownFileType = file.svg; name = removeAllShredUp.svg; path = ../../Resources/removeAllShredUp.svg; sourceTree = SOURCE_ROOT; };
		111B0FC1048F5497D49157E4 /* PluginEditor.h */ = {isa = PBXFileReference; lastKnownFileType = sourcecode.c.h; name = PluginEditor.h; path = ../../Source/PluginEditor.h; sourceTree = SOURCE_ROOT; };
		12FFC633ACD9ED51D101F636 /* CRTabbedComponent.cpp */ = {isa = PBXFileReference; lastKnownFileType = sourcecode.cpp.cpp; name = CRTabbedComponent.cpp; path = ../../Source/CRTabbedComponent.cpp; sourceTree = SOURCE_ROOT; };
		16D131028261C6BD5CC4CD7B /* CustomLookAndFeel.h */ = {isa = PBXFileReference; lastKnownFileType = sourcecode.c.h; name = CustomLookAndFeel.h; path = ../../Source/CustomLookAndFeel.h; sourceTree = SOURCE_ROOT; };
		17D53C11CF15A60493E9D90C /* CodeEditorD.h */ = {isa = PBXFileReference; lastKnownFileType = sourcecode.c.h; name = CodeEditorD.h; path = ../../Source/CodeEditorD.h; sourceTree = SOURCE_ROOT; };
		195CFC445B6838C7A3463102 /* AudioUnit.framework */ = {isa = PBXFileReference; lastKnownFileType = wrapper.framework; name = AudioUnit.framework; path = System/Library/Frameworks/AudioUnit.framework; sourceTree = SDKROOT; };
		19F3A0E13FA72C2A668373FB /* include_juce_gui_extra.mm */ = {isa = PBXFileReference; lastKnownFileType = sourcecode.cpp.objcpp; name = include_juce_gui_extra.mm; path = ../../JuceLibraryCode/include_juce_gui_extra.mm; sourceTree = SOURCE_ROOT; };
		1A6CBE555EBD0D72EEDAA1FE /* EditorPanelUI.h */ = {isa = PBXFileReference; lastKnownFileType = sourcecode.c.h; name = EditorPanelUI.h; path = ../../Source/EditorPanelUI.h; sourceTree = SOURCE_ROOT; };
		1D342B4359F1DE7CDBFAD8E4 /* addshrediconDown.svg */ = {isa = PBXFileReference; lastKnownFileType = file.svg; name = addshrediconDown.svg; path = ../../Resources/addshrediconDown.svg; sourceTree = SOURCE_ROOT; };
		206E6FCCC03DD6647D442E10 /* DiscRecording.framework */ = {isa = PBXFileReference; lastKnownFileType = wrapper.framework; name = DiscRecording.framework; path = System/Library/Frameworks/DiscRecording.framework; sourceTree = SDKROOT; };
		25978A8627DD1E036B2269C5 /* collapse.svg */ = {isa = PBXFileReference; lastKnownFileType = file.svg; name = collapse.svg; path = ../../Resources/collapse.svg; sourceTree = SOURCE_ROOT; };
		294E3E869137E5113BBA10C1 /* Defines.h */ = {isa = PBXFileReference; lastKnownFileType = sourcecode.c.h; name = Defines.h; path = ../../Source/Defines.h; sourceTree = SOURCE_ROOT; };
		32C499DDE894A45770F3B3F9 /* MainViewComponent.h */ = {isa = PBXFileReference; lastKnownFileType = sourcecode.c.h; name = MainViewComponent.h; path = ../../Source/MainViewComponent.h; sourceTree = SOURCE_ROOT; };
		353DA916A55CC07545305214 /* juce_events */ = {isa = PBXFileReference; lastKnownFileType = text; name = juce_events; path = ../../JuceLibraryCode/modules/juce_events; sourceTree = SOURCE_ROOT; };
		358F2318229424810E91D7AD /* PluginProcessor.cpp */ = {isa = PBXFileReference; lastKnownFileType = sourcecode.cpp.cpp; name = PluginProcessor.cpp; path = ../../Source/PluginProcessor.cpp; sourceTree = SOURCE_ROOT; };
		38603912A10D6129FFD78C79 /* juce_audio_processors */ = {isa = PBXFileReference; lastKnownFileType = text; name = juce_audio_processors; path = ../../JuceLibraryCode/modules/juce_audio_processors; sourceTree = SOURCE_ROOT; };
		391124AAA82B37ACE2EE831A /* CRTabbedComponent.h */ = {isa = PBXFileReference; lastKnownFileType = sourcecode.c.h; name = CRTabbedComponent.h; path = ../../Source/CRTabbedComponent.h; sourceTree = SOURCE_ROOT; };
		3990AA8A5DC511B7C24F926B /* juce_audio_basics */ = {isa = PBXFileReference; lastKnownFileType = text; name = juce_audio_basics; path = ../../JuceLibraryCode/modules/juce_audio_basics; sourceTree = SOURCE_ROOT; };
		3BDEFF99B4437E1B4FB8610E /* include_juce_audio_plugin_client_VST2.cpp */ = {isa = PBXFileReference; lastKnownFileType = sourcecode.cpp.cpp; name = include_juce_audio_plugin_client_VST2.cpp; path = ../../JuceLibraryCode/include_juce_audio_plugin_client_VST2.cpp; sourceTree = SOURCE_ROOT; };
		3D685DE37B614DE8BAF1F187 /* ConsoleGlobal.cpp */ = {isa = PBXFileReference; lastKnownFileType = sourcecode.cpp.cpp; name = ConsoleGlobal.cpp; path = ../../Source/ConsoleGlobal.cpp; sourceTree = SOURCE_ROOT; };
		3ECD50A7CBBB98D18F582A0B /* libChuckRacks.a */ = {isa = PBXFileReference; explicitFileType = archive.ar; includeInIndex = 0; path = libChuckRacks.a; sourceTree = BUILT_PRODUCTS_DIR; };
		3ED21130FC7CE435B3B30C6D /* ChuckCodeManagerComponent.h */ = {isa = PBXFileReference; lastKnownFileType = sourcecode.c.h; name = ChuckCodeManagerComponent.h; path = ../../Source/ChuckCodeManagerComponent.h; sourceTree = SOURCE_ROOT; };
		44031EBA1FE062BE27783D0E /* ChuckTokeniser.cpp */ = {isa = PBXFileReference; lastKnownFileType = sourcecode.cpp.cpp; name = ChuckTokeniser.cpp; path = ../../Source/ChuckTokeniser.cpp; sourceTree = SOURCE_ROOT; };
		44160157A89B1D42BD39840A /* addshrediconUp.svg */ = {isa = PBXFileReference; lastKnownFileType = file.svg; name = addshrediconUp.svg; path = ../../Resources/addshrediconUp.svg; sourceTree = SOURCE_ROOT; };
		4AA595D8BAD217018EDC2F9A /* KnobInfo.h */ = {isa = PBXFileReference; lastKnownFileType = sourcecode.c.h; name = KnobInfo.h; path = ../../Source/KnobInfo.h; sourceTree = SOURCE_ROOT; };
		4B1801D08CE3E1E57FA73267 /* FloatParameter.h */ = {isa = PBXFileReference; lastKnownFileType = sourcecode.c.h; name = FloatParameter.h; path = ../../Source/FloatParameter.h; sourceTree = SOURCE_ROOT; };
		4D2BCFE919EEA23D57377CBB /* PluginProcessor.h */ = {isa = PBXFileReference; lastKnownFileType = sourcecode.c.h; name = PluginProcessor.h; path = ../../Source/PluginProcessor.h; sourceTree = SOURCE_ROOT; };
		4F74D23DF62ECE3920A9214E /* Counter.cpp */ = {isa = PBXFileReference; lastKnownFileType = sourcecode.cpp.cpp; name = Counter.cpp; path = ../../Source/Counter.cpp; sourceTree = SOURCE_ROOT; };
		51068E753805CFB7DC211DBC /* include_juce_audio_basics.mm */ = {isa = PBXFileReference; lastKnownFileType = sourcecode.cpp.objcpp; name = include_juce_audio_basics.mm; path = ../../JuceLibraryCode/include_juce_audio_basics.mm; sourceTree = SOURCE_ROOT; };
		593E99DA6524932B29B43E78 /* include_juce_audio_plugin_client_utils.cpp */ = {isa = PBXFileReference; lastKnownFileType = sourcecode.cpp.cpp; name = include_juce_audio_plugin_client_utils.cpp; path = ../../JuceLibraryCode/include_juce_audio_plugin_client_utils.cpp; sourceTree = SOURCE_ROOT; };
		5DA2CF5F91DC7AE5BCF912F8 /* Carbon.framework */ = {isa = PBXFileReference; lastKnownFileType = wrapper.framework; name = Carbon.framework; path = System/Library/Frameworks/Carbon.framework; sourceTree = SDKROOT; };
		5FEEB829B9DB85C720F5AF59 /* ChuckCodeComponent.h */ = {isa = PBXFileReference; lastKnownFileType = sourcecode.c.h; name = ChuckCodeComponent.h; path = ../../Source/ChuckCodeComponent.h; sourceTree = SOURCE_ROOT; };
		623AF0FE484C72B8604C73C9 /* juce_core */ = {isa = PBXFileReference; lastKnownFileType = text; name = juce_core; path = ../../JuceLibraryCode/modules/juce_core; sourceTree = SOURCE_ROOT; };
		62DCE4CB8195CDD0655347FC /* include_juce_audio_plugin_client_AU_2.mm */ = {isa = PBXFileReference; lastKnownFileType = sourcecode.cpp.objcpp; name = include_juce_audio_plugin_client_AU_2.mm; path = ../../JuceLibraryCode/include_juce_audio_plugin_client_AU_2.mm; sourceTree = SOURCE_ROOT; };
		646467F41DB3FC05DAA26DD9 /* EditorPanelUI.cpp */ = {isa = PBXFileReference; lastKnownFileType = sourcecode.cpp.cpp; name = EditorPanelUI.cpp; path = ../../Source/EditorPanelUI.cpp; sourceTree = SOURCE_ROOT; };
		685B3E834B154838B44ADE93 /* AudioToolbox.framework */ = {isa = PBXFileReference; lastKnownFileType = wrapper.framework; name = AudioToolbox.framework; path = System/Library/Frameworks/AudioToolbox.framework; sourceTree = SDKROOT; };
		688D62B71FD7B0C42F7536CD /* removeAllShredDown.svg */ = {isa = PBXFileReference; lastKnownFileType = file.svg; name = removeAllShredDown.svg; path = ../../Resources/removeAllShredDown.svg; sourceTree = SOURCE_ROOT; };
		68E632E242C02DF0B464741B /* expand.svg */ = {isa = PBXFileReference; lastKnownFileType = file.svg; name = expand.svg; path = ../../Resources/expand.svg; sourceTree = SOURCE_ROOT; };
		6B199CD0027ADE614EAE98C8 /* include_juce_gui_basics.mm */ = {isa = PBXFileReference; lastKnownFileType = sourcecode.cpp.objcpp; name = include_juce_gui_basics.mm; path = ../../JuceLibraryCode/include_juce_gui_basics.mm; sourceTree = SOURCE_ROOT; };
		6C18B3D06AB548F359C2DBDD /* Counter.h */ = {isa = PBXFileReference; lastKnownFileType = sourcecode.c.h; name = Counter.h; path = ../../Source/Counter.h; sourceTree = SOURCE_ROOT; };
		7044DD9ED9367B0450A3F825 /* AppViewMode.h */ = {isa = PBXFileReference; lastKnownFileType = sourcecode.c.h; name = AppViewMode.h; path = ../../Source/AppViewMode.h; sourceTree = SOURCE_ROOT; };
		719E6609F910B805C4CCCB40 /* ChuckCodeManagerComponent.cpp */ = {isa = PBXFileReference; lastKnownFileType = sourcecode.cpp.cpp; name = ChuckCodeManagerComponent.cpp; path = ../../Source/ChuckCodeManagerComponent.cpp; sourceTree = SOURCE_ROOT; };
		74FCF5A0D3E62FF5C5B7112E /* FloatParameter.cpp */ = {isa = PBXFileReference; lastKnownFileType = sourcecode.cpp.cpp; name = FloatParameter.cpp; path = ../../Source/FloatParameter.cpp; sourceTree = SOURCE_ROOT; };
		7619C75D333EFFED099E09E9 /* CustomLookAndFeel.cpp */ = {isa = PBXFileReference; lastKnownFileType = sourcecode.cpp.cpp; name = CustomLookAndFeel.cpp; path = ../../Source/CustomLookAndFeel.cpp; sourceTree = SOURCE_ROOT; };
		787344115D1704640525E130 /* CoreMIDI.framework */ = {isa = PBXFileReference; lastKnownFileType = wrapper.framework; name = CoreMIDI.framework; path = System/Library/Frameworks/CoreMIDI.framework; sourceTree = SDKROOT; };
		7BC0D62D3D8B331374E8624D /* FileManager.cpp */ = {isa = PBXFileReference; lastKnownFileType = sourcecode.cpp.cpp; name = FileManager.cpp; path = ../../Source/FileManager.cpp; sourceTree = SOURCE_ROOT; };
		7D1F6B53A4F187489129DCF8 /* QuartzCore.framework */ = {isa = PBXFileReference; lastKnownFileType = wrapper.framework; name = QuartzCore.framework; path = System/Library/Frameworks/QuartzCore.framework; sourceTree = SDKROOT; };
		7D3F07ABCAF731783E52330A /* RecentFilesMenuTemplate.nib */ = {isa = PBXFileReference; lastKnownFileType = file.nib; path = RecentFilesMenuTemplate.nib; sourceTree = SOURCE_ROOT; };
		83F2F7D73A63E2A8EEFFE2DD /* FilenameComponentExtra.h */ = {isa = PBXFileReference; lastKnownFileType = sourcecode.c.h; name = FilenameComponentExtra.h; path = ../../Source/FilenameComponentExtra.h; sourceTree = SOURCE_ROOT; };
		859273B489FB16E7094D539A /* include_juce_data_structures.mm */ = {isa = PBXFileReference; lastKnownFileType = sourcecode.cpp.objcpp; name = include_juce_data_structures.mm; path = ../../JuceLibraryCode/include_juce_data_structures.mm; sourceTree = SOURCE_ROOT; };
		8AE6546704C3CC31A8851AE4 /* juce_gui_extra */ = {isa = PBXFileReference; lastKnownFileType = text; name = juce_gui_extra; path = ../../JuceLibraryCode/modules/juce_gui_extra; sourceTree = SOURCE_ROOT; };
		8F0D3FA2F8AB362DB15D6AD5 /* Info-AU.plist */ = {isa = PBXFileReference; lastKnownFileType = text.plist.xml; path = "Info-AU.plist"; sourceTree = SOURCE_ROOT; };
		9330D02A956C9B0ED38F5551 /* juce_audio_devices */ = {isa = PBXFileReference; lastKnownFileType = text; name = juce_audio_devices; path = ../../JuceLibraryCode/modules/juce_audio_devices; sourceTree = SOURCE_ROOT; };
		947F65758EB771DFA70AE2DF /* ulib_pluginhost.h */ = {isa = PBXFileReference; lastKnownFileType = sourcecode.c.h; name = ulib_pluginhost.h; path = ../../Source/ulib_pluginhost.h; sourceTree = SOURCE_ROOT; };
		949FA4AE289B5A5D77148383 /* JuceHeader.h */ = {isa = PBXFileReference; lastKnownFileType = sourcecode.c.h; name = JuceHeader.h; path = ../../JuceLibraryCode/JuceHeader.h; sourceTree = SOURCE_ROOT; };
		9A368807AB806D43078FB43C /* open.svg */ = {isa = PBXFileReference; lastKnownFileType = file.svg; name = open.svg; path = ../../Resources/open.svg; sourceTree = SOURCE_ROOT; };
		9AF646D6EE5D5F17A7A9DB57 /* CoreAudioKit.framework */ = {isa = PBXFileReference; lastKnownFileType = wrapper.framework; name = CoreAudioKit.framework; path = System/Library/Frameworks/CoreAudioKit.framework; sourceTree = SDKROOT; };
		9E492B65A8C095082A98261E /* ChuckCodeModel.cpp */ = {isa = PBXFileReference; lastKnownFileType = sourcecode.cpp.cpp; name = ChuckCodeModel.cpp; path = ../../Source/ChuckCodeModel.cpp; sourceTree = SOURCE_ROOT; };
		9F5646D10C8B5FA05941A848 /* juce_audio_utils */ = {isa = PBXFileReference; lastKnownFileType = text; name = juce_audio_utils; path = ../../JuceLibraryCode/modules/juce_audio_utils; sourceTree = SOURCE_ROOT; };
		A16F66BF754286C8D340EB54 /* ChuckCodeModelManager.h */ = {isa = PBXFileReference; lastKnownFileType = sourcecode.c.h; name = ChuckCodeModelManager.h; path = ../../Source/ChuckCodeModelManager.h; sourceTree = SOURCE_ROOT; };
		A2CE0C1F363290A5C331688C /* ChuckRacks.entitlements */ = {isa = PBXFileReference; lastKnownFileType = text.plist.xml; path = ChuckRacks.entitlements; sourceTree = SOURCE_ROOT; };
		A48222AC3AD53771428D6D9F /* Info-VST.plist */ = {isa = PBXFileReference; lastKnownFileType = text.plist.xml; path = "Info-VST.plist"; sourceTree = SOURCE_ROOT; };
		A53472E47A1F91BC46757B9C /* include_juce_audio_plugin_client_AU.r */ = {isa = PBXFileReference; lastKnownFileType = file.r; name = include_juce_audio_plugin_client_AU.r; path = ../../JuceLibraryCode/include_juce_audio_plugin_client_AU.r; sourceTree = SOURCE_ROOT; };
		A839224858F43D213DF9FEFF /* ConsoleComponent.h */ = {isa = PBXFileReference; lastKnownFileType = sourcecode.c.h; name = ConsoleComponent.h; path = ../../Source/ConsoleComponent.h; sourceTree = SOURCE_ROOT; };
		AB3BB43B6549F1971554F59E /* include_juce_audio_processors.mm */ = {isa = PBXFileReference; lastKnownFileType = sourcecode.cpp.objcpp; name = include_juce_audio_processors.mm; path = ../../JuceLibraryCode/include_juce_audio_processors.mm; sourceTree = SOURCE_ROOT; };
		ADC95D53AA2A17A8EB51DB52 /* ChuckCodeComponent.cpp */ = {isa = PBXFileReference; lastKnownFileType = sourcecode.cpp.cpp; name = ChuckCodeComponent.cpp; path = ../../Source/ChuckCodeComponent.cpp; sourceTree = SOURCE_ROOT; };
		AE018512E108066AFE76FB50 /* include_juce_audio_plugin_client_AU_1.mm */ = {isa = PBXFileReference; lastKnownFileType = sourcecode.cpp.objcpp; name = include_juce_audio_plugin_client_AU_1.mm; path = ../../JuceLibraryCode/include_juce_audio_plugin_client_AU_1.mm; sourceTree = SOURCE_ROOT; };
		B0BF4EC56B865ABC0FECE1D3 /* juce_data_structures */ = {isa = PBXFileReference; lastKnownFileType = text; name = juce_data_structures; path = ../../JuceLibraryCode/modules/juce_data_structures; sourceTree = SOURCE_ROOT; };
		B33C735F9820A5E1EC11B799 /* ulib_PluginParameters.cpp */ = {isa = PBXFileReference; lastKnownFileType = sourcecode.cpp.cpp; name = ulib_PluginParameters.cpp; path = ../../Source/ulib_PluginParameters.cpp; sourceTree = SOURCE_ROOT; };
		B4CC0EAD82E8B2E33217517A /* ParameterMapUI.cpp */ = {isa = PBXFileReference; lastKnownFileType = sourcecode.cpp.cpp; name = ParameterMapUI.cpp; path = ../../Source/ParameterMapUI.cpp; sourceTree = SOURCE_ROOT; };
		B4D5A2633557A97663266B76 /* ChuckCodeModel.h */ = {isa = PBXFileReference; lastKnownFileType = sourcecode.c.h; name = ChuckCodeModel.h; path = ../../Source/ChuckCodeModel.h; sourceTree = SOURCE_ROOT; };
		B55099207B3F38EA78C60820 /* CodeEditorDemo.h */ = {isa = PBXFileReference; lastKnownFileType = sourcecode.c.h; name = CodeEditorDemo.h; path = ../../Source/CodeEditorDemo.h; sourceTree = SOURCE_ROOT; };
		C0DC75FDA964B64D0D37F768 /* CoreAudio.framework */ = {isa = PBXFileReference; lastKnownFileType = wrapper.framework; name = CoreAudio.framework; path = System/Library/Frameworks/CoreAudio.framework; sourceTree = SDKROOT; };
		C1F96D9B6D193DDD117CC893 /* PluginEditor.cpp */ = {isa = PBXFileReference; lastKnownFileType = sourcecode.cpp.cpp; name = PluginEditor.cpp; path = ../../Source/PluginEditor.cpp; sourceTree = SOURCE_ROOT; };
		C5837B44EACA33ED845E5CE9 /* ChuckCodeModelManager.cpp */ = {isa = PBXFileReference; lastKnownFileType = sourcecode.cpp.cpp; name = ChuckCodeModelManager.cpp; path = ../../Source/ChuckCodeModelManager.cpp; sourceTree = SOURCE_ROOT; };
		C7BCD33E79699FC285B69CB2 /* ulib_PluginParameters.h */ = {isa = PBXFileReference; lastKnownFileType = sourcecode.c.h; name = ulib_PluginParameters.h; path = ../../Source/ulib_PluginParameters.h; sourceTree = SOURCE_ROOT; };
		CB7435D6E7BBA1C04B4AED93 /* juce_gui_basics */ = {isa = PBXFileReference; lastKnownFileType = text; name = juce_gui_basics; path = ../../JuceLibraryCode/modules/juce_gui_basics; sourceTree = SOURCE_ROOT; };
		D01DFC87579DF296327E238D /* addcodeeditorUp.svg */ = {isa = PBXFileReference; lastKnownFileType = file.svg; name = addcodeeditorUp.svg; path = ../../Resources/addcodeeditorUp.svg; sourceTree = SOURCE_ROOT; };
		D093917DE6637B1167421778 /* ChuckRacks.component */ = {isa = PBXFileReference; explicitFileType = wrapper.cfbundle; includeInIndex = 0; path = ChuckRacks.component; sourceTree = BUILT_PRODUCTS_DIR; };
		D292192FCDBDF0B4D2E4BC46 /* MainViewComponent.cpp */ = {isa = PBXFileReference; lastKnownFileType = sourcecode.cpp.cpp; name = MainViewComponent.cpp; path = ../../Source/MainViewComponent.cpp; sourceTree = SOURCE_ROOT; };
		D2A57B5B8731234BBF4E889F /* include_juce_audio_utils.mm */ = {isa = PBXFileReference; lastKnownFileType = sourcecode.cpp.objcpp; name = include_juce_audio_utils.mm; path = ../../JuceLibraryCode/include_juce_audio_utils.mm; sourceTree = SOURCE_ROOT; };
		D2BF3F7B51EB49E206ACCFA2 /* BinaryData.h */ = {isa = PBXFileReference; lastKnownFileType = sourcecode.c.h; name = BinaryData.h; path = ../../JuceLibraryCode/BinaryData.h; sourceTree = SOURCE_ROOT; };
		D2E59870A4365F89356F113E /* FileManager.h */ = {isa = PBXFileReference; lastKnownFileType = sourcecode.c.h; name = FileManager.h; path = ../../Source/FileManager.h; sourceTree = SOURCE_ROOT; };
		D5459B40C2BF63C24CDBBD1E /* FilenameComponentExtra.cpp */ = {isa = PBXFileReference; lastKnownFileType = sourcecode.cpp.cpp; name = FilenameComponentExtra.cpp; path = ../../Source/FilenameComponentExtra.cpp; sourceTree = SOURCE_ROOT; };
		D5BCE9B9CF15124D71DCAE1C /* include_juce_events.mm */ = {isa = PBXFileReference; lastKnownFileType = sourcecode.cpp.objcpp; name = include_juce_events.mm; path = ../../JuceLibraryCode/include_juce_events.mm; sourceTree = SOURCE_ROOT; };
		DBD7FB6CA0CB853C89A0651B /* Accelerate.framework */ = {isa = PBXFileReference; lastKnownFileType = wrapper.framework; name = Accelerate.framework; path = System/Library/Frameworks/Accelerate.framework; sourceTree = SDKROOT; };
		DC383019A7EDFD5395997FC1 /* include_juce_audio_formats.mm */ = {isa = PBXFileReference; lastKnownFileType = sourcecode.cpp.objcpp; name = include_juce_audio_formats.mm; path = ../../JuceLibraryCode/include_juce_audio_formats.mm; sourceTree = SOURCE_ROOT; };
		DC7C86796152E0FB89BEB439 /* ParameterMapUI.h */ = {isa = PBXFileReference; lastKnownFileType = sourcecode.c.h; name = ParameterMapUI.h; path = ../../Source/ParameterMapUI.h; sourceTree = SOURCE_ROOT; };
		E6FF43BFA0F945287EF6C634 /* addcodeeditorDown.svg */ = {isa = PBXFileReference; lastKnownFileType = file.svg; name = addcodeeditorDown.svg; path = ../../Resources/addcodeeditorDown.svg; sourceTree = SOURCE_ROOT; };
		E7943C776526E31A2DF69BFA /* ChuckTokeniser.h */ = {isa = PBXFileReference; lastKnownFileType = sourcecode.c.h; name = ChuckTokeniser.h; path = ../../Source/ChuckTokeniser.h; sourceTree = SOURCE_ROOT; };
		ED099E9C10220A757D7261E5 /* BinaryData.cpp */ = {isa = PBXFileReference; lastKnownFileType = sourcecode.cpp.cpp; name = BinaryData.cpp; path = ../../JuceLibraryCode/BinaryData.cpp; sourceTree = SOURCE_ROOT; };
		EED05BD6CD675A3214FCF476 /* juce_audio_plugin_client */ = {isa = PBXFileReference; lastKnownFileType = text; name = juce_audio_plugin_client; path = ../../JuceLibraryCode/modules/juce_audio_plugin_client; sourceTree = SOURCE_ROOT; };
		F17C0C7FC34BC0D105CF15B9 /* CRTabbedComponentListener.h */ = {isa = PBXFileReference; lastKnownFileType = sourcecode.c.h; name = CRTabbedComponentListener.h; path = ../../Source/CRTabbedComponentListener.h; sourceTree = SOURCE_ROOT; };
		F1C95913965A52E6E7BAC784 /* juce_graphics */ = {isa = PBXFileReference; lastKnownFileType = text; name = juce_graphics; path = ../../JuceLibraryCode/modules/juce_graphics; sourceTree = SOURCE_ROOT; };
		F37B77C1D428879308032C28 /* Cocoa.framework */ = {isa = PBXFileReference; lastKnownFileType = wrapper.framework; name = Cocoa.framework; path = System/Library/Frameworks/Cocoa.framework; sourceTree = SDKROOT; };
		F68904EDC816145C83580A63 /* AppConfig.h */ = {isa = PBXFileReference; lastKnownFileType = sourcecode.c.h; name = AppConfig.h; path = ../../JuceLibraryCode/AppConfig.h; sourceTree = SOURCE_ROOT; };
		FA022FBB61A50163EBA83B64 /* include_juce_audio_devices.mm */ = {isa = PBXFileReference; lastKnownFileType = sourcecode.cpp.objcpp; name = include_juce_audio_devices.mm; path = ../../JuceLibraryCode/include_juce_audio_devices.mm; sourceTree = SOURCE_ROOT; };
		FA9F3CADE99C16A8240E5DA3 /* ConsoleComponent.cpp */ = {isa = PBXFileReference; lastKnownFileType = sourcecode.cpp.cpp; name = ConsoleComponent.cpp; path = ../../Source/ConsoleComponent.cpp; sourceTree = SOURCE_ROOT; };
		FEDB42310CAB74B5F8E5A45D /* include_juce_graphics.mm */ = {isa = PBXFileReference; lastKnownFileType = sourcecode.cpp.objcpp; name = include_juce_graphics.mm; path = ../../JuceLibraryCode/include_juce_graphics.mm; sourceTree = SOURCE_ROOT; };
/* End PBXFileReference section */

/* Begin PBXFrameworksBuildPhase section */
		09D9196D1FA08C940031367B /* Frameworks */ = {
			isa = PBXFrameworksBuildPhase;
			buildActionMask = 2147483647;
			files = (
				09D9196E1FA08C990031367B /* libchuck.a in Frameworks */,
			);
			runOnlyForDeploymentPostprocessing = 0;
		};
		8110C30662967EEE79DB62B9 /* Frameworks */ = {
			isa = PBXFrameworksBuildPhase;
			buildActionMask = 2147483647;
			files = (
				97D1724F30FED339BA1FCAE0 /* Accelerate.framework in Frameworks */,
				AA32D3B2BA9F4B483A6FF28A /* AudioToolbox.framework in Frameworks */,
				FEC164B4D1E12C146AE209D8 /* Carbon.framework in Frameworks */,
				A2CA3E5194D4C2AA9BBEF7CC /* Cocoa.framework in Frameworks */,
				1FC71803D66A573DDE3CE3C9 /* CoreAudio.framework in Frameworks */,
				2C686F578A12A167033FEE54 /* CoreMIDI.framework in Frameworks */,
				9FE14C00037A41A8DD5E08D2 /* DiscRecording.framework in Frameworks */,
				DDA0C37BAC41AB7959C75680 /* IOKit.framework in Frameworks */,
				E42A72286CF6C0E2BCE738B7 /* QuartzCore.framework in Frameworks */,
				3C56620C2BE81F01FAC30415 /* WebKit.framework in Frameworks */,
			);
			runOnlyForDeploymentPostprocessing = 0;
		};
		C348C80893BAB7C28E54A507 /* Frameworks */ = {
			isa = PBXFrameworksBuildPhase;
			buildActionMask = 2147483647;
			files = (
				09D919521FA08C5C0031367B /* Accelerate.framework in Frameworks */,
				09D919531FA08C5C0031367B /* AudioToolbox.framework in Frameworks */,
				261C0F7B26470BDD23DB86B4 /* AudioUnit.framework in Frameworks */,
				09D919541FA08C5C0031367B /* Carbon.framework in Frameworks */,
				09D919551FA08C5C0031367B /* Cocoa.framework in Frameworks */,
				09D919561FA08C5C0031367B /* CoreAudio.framework in Frameworks */,
				41EF463C28A4B8B0DD7B54E0 /* CoreAudioKit.framework in Frameworks */,
				09D919571FA08C5C0031367B /* CoreMIDI.framework in Frameworks */,
				09D919581FA08C5C0031367B /* DiscRecording.framework in Frameworks */,
				09D919591FA08C5C0031367B /* IOKit.framework in Frameworks */,
				09D9195A1FA08C5C0031367B /* QuartzCore.framework in Frameworks */,
				09D9195B1FA08C5C0031367B /* WebKit.framework in Frameworks */,
			);
			runOnlyForDeploymentPostprocessing = 0;
		};
/* End PBXFrameworksBuildPhase section */

/* Begin PBXGroup section */
		09D919601FA08C700031367B /* Products */ = {
			isa = PBXGroup;
			children = (
				09D919651FA08C700031367B /* libchuck.a */,
				09D919671FA08C700031367B /* libchuck-iOS.a */,
			);
			name = Products;
			sourceTree = "<group>";
		};
		1BFE822D9FFCA40DF3C53B05 /* Chuck extensions */ = {
			isa = PBXGroup;
			children = (
				B33C735F9820A5E1EC11B799 /* ulib_PluginParameters.cpp */,
				C7BCD33E79699FC285B69CB2 /* ulib_PluginParameters.h */,
				09062C9D0352D334026BEAE3 /* ulib_pluginhost.cpp */,
				947F65758EB771DFA70AE2DF /* ulib_pluginhost.h */,
			);
			name = "Chuck extensions";
			sourceTree = "<group>";
		};
		206ED814943A50B3B3394DA8 /* main */ = {
			isa = PBXGroup;
			children = (
				C5837B44EACA33ED845E5CE9 /* ChuckCodeModelManager.cpp */,
				A16F66BF754286C8D340EB54 /* ChuckCodeModelManager.h */,
				9E492B65A8C095082A98261E /* ChuckCodeModel.cpp */,
				B4D5A2633557A97663266B76 /* ChuckCodeModel.h */,
				358F2318229424810E91D7AD /* PluginProcessor.cpp */,
				4D2BCFE919EEA23D57377CBB /* PluginProcessor.h */,
			);
			name = main;
			sourceTree = "<group>";
		};
		23030ABFF8F636F9DEFDB851 /* other */ = {
			isa = PBXGroup;
			children = (
				4F74D23DF62ECE3920A9214E /* Counter.cpp */,
				6C18B3D06AB548F359C2DBDD /* Counter.h */,
				7BC0D62D3D8B331374E8624D /* FileManager.cpp */,
				D2E59870A4365F89356F113E /* FileManager.h */,
				D5459B40C2BF63C24CDBBD1E /* FilenameComponentExtra.cpp */,
				83F2F7D73A63E2A8EEFFE2DD /* FilenameComponentExtra.h */,
				74FCF5A0D3E62FF5C5B7112E /* FloatParameter.cpp */,
				4B1801D08CE3E1E57FA73267 /* FloatParameter.h */,
				4AA595D8BAD217018EDC2F9A /* KnobInfo.h */,
				7044DD9ED9367B0450A3F825 /* AppViewMode.h */,
				E7943C776526E31A2DF69BFA /* ChuckTokeniser.h */,
				17D53C11CF15A60493E9D90C /* CodeEditorD.h */,
				B55099207B3F38EA78C60820 /* CodeEditorDemo.h */,
				44031EBA1FE062BE27783D0E /* ChuckTokeniser.cpp */,
				3D685DE37B614DE8BAF1F187 /* ConsoleGlobal.cpp */,
				0771327756FC7D999B495D94 /* ConsoleGlobal.h */,
				294E3E869137E5113BBA10C1 /* Defines.h */,
			);
			name = other;
			sourceTree = "<group>";
		};
		2528430D2D40891CCA1BDAB2 /* libraries */ = {
			isa = PBXGroup;
			children = (
				652CA630B63EF529752E7AC1 /* mac */,
			);
			name = libraries;
			sourceTree = "<group>";
		};
		34636A7707BE4F4C4C2E0B6A /* Source */ = {
			isa = PBXGroup;
			children = (
				A2CE0C1F363290A5C331688C /* ChuckRacks.entitlements */,
				5A7D26DD4FE258623D696E23 /* ChuckRacks */,
				7C0DC26007E36336E49667CD /* Juce Modules */,
				847781C784B873B2EAAC25CD /* Juce Library Code */,
				88447E88E2F3E495C721E341 /* Resources */,
				D30ABE40A2B89197C8094ECF /* Frameworks */,
				CC607A198CD670AA9A7FE936 /* Products */,
			);
			name = Source;
			sourceTree = "<group>";
		};
		5A7D26DD4FE258623D696E23 /* ChuckRacks */ = {
			isa = PBXGroup;
			children = (
				E8E9EFF13A9B3C8D08C0D83F /* Resources */,
				7371BF174E02CD1C54E55137 /* Source */,
				2528430D2D40891CCA1BDAB2 /* libraries */,
			);
			name = ChuckRacks;
			sourceTree = "<group>";
		};
		652CA630B63EF529752E7AC1 /* mac */ = {
			isa = PBXGroup;
			children = (
				09D9195F1FA08C700031367B /* libchuck.xcodeproj */,
			);
			name = mac;
			sourceTree = "<group>";
		};
		7371BF174E02CD1C54E55137 /* Source */ = {
			isa = PBXGroup;
			children = (
				206ED814943A50B3B3394DA8 /* main */,
				8BD4A4ACA682EE1838B4CDB8 /* UI */,
				23030ABFF8F636F9DEFDB851 /* other */,
				1BFE822D9FFCA40DF3C53B05 /* Chuck extensions */,
			);
			name = Source;
			sourceTree = "<group>";
		};
		7C0DC26007E36336E49667CD /* Juce Modules */ = {
			isa = PBXGroup;
			children = (
				3990AA8A5DC511B7C24F926B /* juce_audio_basics */,
				9330D02A956C9B0ED38F5551 /* juce_audio_devices */,
				0449767416B56741D4F272F8 /* juce_audio_formats */,
				EED05BD6CD675A3214FCF476 /* juce_audio_plugin_client */,
				38603912A10D6129FFD78C79 /* juce_audio_processors */,
				9F5646D10C8B5FA05941A848 /* juce_audio_utils */,
				623AF0FE484C72B8604C73C9 /* juce_core */,
				B0BF4EC56B865ABC0FECE1D3 /* juce_data_structures */,
				353DA916A55CC07545305214 /* juce_events */,
				F1C95913965A52E6E7BAC784 /* juce_graphics */,
				CB7435D6E7BBA1C04B4AED93 /* juce_gui_basics */,
				8AE6546704C3CC31A8851AE4 /* juce_gui_extra */,
			);
			name = "Juce Modules";
			sourceTree = "<group>";
		};
		847781C784B873B2EAAC25CD /* Juce Library Code */ = {
			isa = PBXGroup;
			children = (
				F68904EDC816145C83580A63 /* AppConfig.h */,
				ED099E9C10220A757D7261E5 /* BinaryData.cpp */,
				D2BF3F7B51EB49E206ACCFA2 /* BinaryData.h */,
				51068E753805CFB7DC211DBC /* include_juce_audio_basics.mm */,
				FA022FBB61A50163EBA83B64 /* include_juce_audio_devices.mm */,
				DC383019A7EDFD5395997FC1 /* include_juce_audio_formats.mm */,
				A53472E47A1F91BC46757B9C /* include_juce_audio_plugin_client_AU.r */,
				AE018512E108066AFE76FB50 /* include_juce_audio_plugin_client_AU_1.mm */,
				62DCE4CB8195CDD0655347FC /* include_juce_audio_plugin_client_AU_2.mm */,
				593E99DA6524932B29B43E78 /* include_juce_audio_plugin_client_utils.cpp */,
				02DDE49AA4A3D4CC13E8565C /* include_juce_audio_plugin_client_VST_utils.mm */,
				3BDEFF99B4437E1B4FB8610E /* include_juce_audio_plugin_client_VST2.cpp */,
				AB3BB43B6549F1971554F59E /* include_juce_audio_processors.mm */,
				D2A57B5B8731234BBF4E889F /* include_juce_audio_utils.mm */,
				0906E95986AF186C72410987 /* include_juce_core.mm */,
				859273B489FB16E7094D539A /* include_juce_data_structures.mm */,
				D5BCE9B9CF15124D71DCAE1C /* include_juce_events.mm */,
				FEDB42310CAB74B5F8E5A45D /* include_juce_graphics.mm */,
				6B199CD0027ADE614EAE98C8 /* include_juce_gui_basics.mm */,
				19F3A0E13FA72C2A668373FB /* include_juce_gui_extra.mm */,
				949FA4AE289B5A5D77148383 /* JuceHeader.h */,
			);
			name = "Juce Library Code";
			sourceTree = "<group>";
		};
		88447E88E2F3E495C721E341 /* Resources */ = {
			isa = PBXGroup;
			children = (
				A48222AC3AD53771428D6D9F /* Info-VST.plist */,
				8F0D3FA2F8AB362DB15D6AD5 /* Info-AU.plist */,
				7D3F07ABCAF731783E52330A /* RecentFilesMenuTemplate.nib */,
			);
			name = Resources;
			sourceTree = "<group>";
		};
		8BD4A4ACA682EE1838B4CDB8 /* UI */ = {
			isa = PBXGroup;
			children = (
				F17C0C7FC34BC0D105CF15B9 /* CRTabbedComponentListener.h */,
				12FFC633ACD9ED51D101F636 /* CRTabbedComponent.cpp */,
				391124AAA82B37ACE2EE831A /* CRTabbedComponent.h */,
				719E6609F910B805C4CCCB40 /* ChuckCodeManagerComponent.cpp */,
				3ED21130FC7CE435B3B30C6D /* ChuckCodeManagerComponent.h */,
				646467F41DB3FC05DAA26DD9 /* EditorPanelUI.cpp */,
				1A6CBE555EBD0D72EEDAA1FE /* EditorPanelUI.h */,
				FA9F3CADE99C16A8240E5DA3 /* ConsoleComponent.cpp */,
				A839224858F43D213DF9FEFF /* ConsoleComponent.h */,
				B4CC0EAD82E8B2E33217517A /* ParameterMapUI.cpp */,
				DC7C86796152E0FB89BEB439 /* ParameterMapUI.h */,
				C1F96D9B6D193DDD117CC893 /* PluginEditor.cpp */,
				111B0FC1048F5497D49157E4 /* PluginEditor.h */,
				D292192FCDBDF0B4D2E4BC46 /* MainViewComponent.cpp */,
				32C499DDE894A45770F3B3F9 /* MainViewComponent.h */,
				7619C75D333EFFED099E09E9 /* CustomLookAndFeel.cpp */,
				16D131028261C6BD5CC4CD7B /* CustomLookAndFeel.h */,
				ADC95D53AA2A17A8EB51DB52 /* ChuckCodeComponent.cpp */,
				5FEEB829B9DB85C720F5AF59 /* ChuckCodeComponent.h */,
			);
			name = UI;
			sourceTree = "<group>";
		};
		CC607A198CD670AA9A7FE936 /* Products */ = {
			isa = PBXGroup;
			children = (
				068FBDA583B72A4B0618203C /* ChuckRacks.vst */,
				D093917DE6637B1167421778 /* ChuckRacks.component */,
				3ECD50A7CBBB98D18F582A0B /* libChuckRacks.a */,
			);
			name = Products;
			sourceTree = "<group>";
		};
		D30ABE40A2B89197C8094ECF /* Frameworks */ = {
			isa = PBXGroup;
			children = (
				DBD7FB6CA0CB853C89A0651B /* Accelerate.framework */,
				685B3E834B154838B44ADE93 /* AudioToolbox.framework */,
				195CFC445B6838C7A3463102 /* AudioUnit.framework */,
				5DA2CF5F91DC7AE5BCF912F8 /* Carbon.framework */,
				F37B77C1D428879308032C28 /* Cocoa.framework */,
				C0DC75FDA964B64D0D37F768 /* CoreAudio.framework */,
				9AF646D6EE5D5F17A7A9DB57 /* CoreAudioKit.framework */,
				787344115D1704640525E130 /* CoreMIDI.framework */,
				206E6FCCC03DD6647D442E10 /* DiscRecording.framework */,
				0DFBEF76EC888A3185AFDAB9 /* IOKit.framework */,
				7D1F6B53A4F187489129DCF8 /* QuartzCore.framework */,
				07EAFBEC9017119381EC3443 /* WebKit.framework */,
			);
			name = Frameworks;
			sourceTree = "<group>";
		};
		E8E9EFF13A9B3C8D08C0D83F /* Resources */ = {
			isa = PBXGroup;
			children = (
				9A368807AB806D43078FB43C /* open.svg */,
				25978A8627DD1E036B2269C5 /* collapse.svg */,
				68E632E242C02DF0B464741B /* expand.svg */,
				44160157A89B1D42BD39840A /* addshrediconUp.svg */,
				1D342B4359F1DE7CDBFAD8E4 /* addshrediconDown.svg */,
				0E9E20FCE34619481D7EF08F /* removeAllShredUp.svg */,
				688D62B71FD7B0C42F7536CD /* removeAllShredDown.svg */,
				D01DFC87579DF296327E238D /* addcodeeditorUp.svg */,
				E6FF43BFA0F945287EF6C634 /* addcodeeditorDown.svg */,
			);
			name = Resources;
			sourceTree = "<group>";
		};
/* End PBXGroup section */

/* Begin PBXNativeTarget section */
		2CC2BEEBC54AD84D910B8F2A /* ChuckRacks - VST */ = {
			isa = PBXNativeTarget;
			buildConfigurationList = 9BC92943BA3A5058F311DA46 /* Build configuration list for PBXNativeTarget "ChuckRacks - VST" */;
			buildPhases = (
				04BA8C48A8FC80A24D394FE8 /* Resources */,
				279B05F68A9A8D4DA7B17644 /* Sources */,
				8110C30662967EEE79DB62B9 /* Frameworks */,
			);
			buildRules = (
			);
			dependencies = (
				AC47F01C73A543FBD25960AD /* PBXTargetDependency */,
			);
			name = "ChuckRacks - VST";
			productName = ChuckRacks;
			productReference = 068FBDA583B72A4B0618203C /* ChuckRacks.vst */;
			productType = "com.apple.product-type.bundle";
		};
		A688325D2EEEF27BD3C63650 /* ChuckRacks - Shared Code */ = {
			isa = PBXNativeTarget;
			buildConfigurationList = 52E30A729B89190B4F71BAB6 /* Build configuration list for PBXNativeTarget "ChuckRacks - Shared Code" */;
			buildPhases = (
				83F4532A5B736017062892D0 /* Sources */,
				09D9196D1FA08C940031367B /* Frameworks */,
			);
			buildRules = (
			);
			dependencies = (
				09D9196A1FA08C900031367B /* PBXTargetDependency */,
			);
			name = "ChuckRacks - Shared Code";
			productName = ChuckRacks;
			productReference = 3ECD50A7CBBB98D18F582A0B /* libChuckRacks.a */;
			productType = "com.apple.product-type.library.static";
		};
		FCDB9E4F47C1267DE8740CDB /* ChuckRacks - AU */ = {
			isa = PBXNativeTarget;
			buildConfigurationList = C30A272C2705EC2029E71E5A /* Build configuration list for PBXNativeTarget "ChuckRacks - AU" */;
			buildPhases = (
				CD108D545E2FAF7A24326DA0 /* Resources */,
				F41125485DEFDAA23B80D426 /* Rez */,
				833308796073B722EC91F6F9 /* Sources */,
				C348C80893BAB7C28E54A507 /* Frameworks */,
			);
			buildRules = (
			);
			dependencies = (
				AC47F01C73A543FBD25960AD /* PBXTargetDependency */,
			);
			name = "ChuckRacks - AU";
			productName = ChuckRacks;
			productReference = D093917DE6637B1167421778 /* ChuckRacks.component */;
			productType = "com.apple.product-type.bundle";
		};
/* End PBXNativeTarget section */

/* Begin PBXProject section */
		CCE4E2688D14EC4BFBC51676 /* Project object */ = {
			isa = PBXProject;
			attributes = {
				LastUpgradeCheck = 0830;
				TargetAttributes = {
					2CC2BEEBC54AD84D910B8F2A = {
						SystemCapabilities = {
							com.apple.InAppPurchase = {
								enabled = 0;
							};
							com.apple.InterAppAudio = {
								enabled = 0;
							};
							com.apple.Sandbox = {
								enabled = 0;
							};
						};
					};
					55D45A7FC1BB65B1697C1FB8 = {
						SystemCapabilities = {
							com.apple.InAppPurchase = {
								enabled = 0;
							};
							com.apple.InterAppAudio = {
								enabled = 0;
							};
							com.apple.Sandbox = {
								enabled = 0;
							};
						};
					};
					A688325D2EEEF27BD3C63650 = {
						SystemCapabilities = {
							com.apple.InAppPurchase = {
								enabled = 0;
							};
							com.apple.InterAppAudio = {
								enabled = 0;
							};
							com.apple.Sandbox = {
								enabled = 0;
							};
						};
					};
					FCDB9E4F47C1267DE8740CDB = {
						SystemCapabilities = {
							com.apple.InAppPurchase = {
								enabled = 0;
							};
							com.apple.InterAppAudio = {
								enabled = 0;
							};
							com.apple.Sandbox = {
								enabled = 0;
							};
						};
					};
				};
			};
			buildConfigurationList = 3E8EE7C955D148CE77A832EE /* Build configuration list for PBXProject "ChuckRacks" */;
			compatibilityVersion = "Xcode 3.2";
			developmentRegion = en;
			hasScannedForEncodings = 0;
			knownRegions = (
				en,
			);
			mainGroup = 34636A7707BE4F4C4C2E0B6A /* Source */;
			projectDirPath = "";
			projectReferences = (
				{
					ProductGroup = 09D919601FA08C700031367B /* Products */;
					ProjectRef = 09D9195F1FA08C700031367B /* libchuck.xcodeproj */;
				},
			);
			projectRoot = "";
			targets = (
				55D45A7FC1BB65B1697C1FB8 /* ChuckRacks - All */,
				2CC2BEEBC54AD84D910B8F2A /* ChuckRacks - VST */,
				FCDB9E4F47C1267DE8740CDB /* ChuckRacks - AU */,
				A688325D2EEEF27BD3C63650 /* ChuckRacks - Shared Code */,
			);
		};
/* End PBXProject section */

/* Begin PBXReferenceProxy section */
		09D919651FA08C700031367B /* libchuck.a */ = {
			isa = PBXReferenceProxy;
			fileType = archive.ar;
			path = libchuck.a;
			remoteRef = 09D919641FA08C700031367B /* PBXContainerItemProxy */;
			sourceTree = BUILT_PRODUCTS_DIR;
		};
		09D919671FA08C700031367B /* libchuck-iOS.a */ = {
			isa = PBXReferenceProxy;
			fileType = archive.ar;
			path = "libchuck-iOS.a";
			remoteRef = 09D919661FA08C700031367B /* PBXContainerItemProxy */;
			sourceTree = BUILT_PRODUCTS_DIR;
		};
/* End PBXReferenceProxy section */

/* Begin PBXResourcesBuildPhase section */
		04BA8C48A8FC80A24D394FE8 /* Resources */ = {
			isa = PBXResourcesBuildPhase;
			buildActionMask = 2147483647;
			files = (
				41AA8EF9F9A37650287B3C4B /* RecentFilesMenuTemplate.nib in Resources */,
			);
			runOnlyForDeploymentPostprocessing = 0;
		};
		CD108D545E2FAF7A24326DA0 /* Resources */ = {
			isa = PBXResourcesBuildPhase;
			buildActionMask = 2147483647;
			files = (
				09D919511FA08C5C0031367B /* RecentFilesMenuTemplate.nib in Resources */,
			);
			runOnlyForDeploymentPostprocessing = 0;
		};
/* End PBXResourcesBuildPhase section */

/* Begin PBXRezBuildPhase section */
		F41125485DEFDAA23B80D426 /* Rez */ = {
			isa = PBXRezBuildPhase;
			buildActionMask = 2147483647;
			files = (
				849E4B9E994CC4639F9D9C54 /* include_juce_audio_plugin_client_AU.r in Rez */,
			);
			runOnlyForDeploymentPostprocessing = 0;
		};
/* End PBXRezBuildPhase section */

/* Begin PBXSourcesBuildPhase section */
		279B05F68A9A8D4DA7B17644 /* Sources */ = {
			isa = PBXSourcesBuildPhase;
			buildActionMask = 2147483647;
			files = (
				E7D66F95C7B008DA3954EF05 /* include_juce_audio_plugin_client_VST2.cpp in Sources */,
			);
			runOnlyForDeploymentPostprocessing = 0;
		};
		833308796073B722EC91F6F9 /* Sources */ = {
			isa = PBXSourcesBuildPhase;
			buildActionMask = 2147483647;
			files = (
				73669F7F243F50900CD0DDE1 /* include_juce_audio_plugin_client_AU_1.mm in Sources */,
				462A2DC140B7792E7962CBF5 /* include_juce_audio_plugin_client_AU_2.mm in Sources */,
			);
			runOnlyForDeploymentPostprocessing = 0;
		};
		83F4532A5B736017062892D0 /* Sources */ = {
			isa = PBXSourcesBuildPhase;
			buildActionMask = 2147483647;
			files = (
				B9A1DF8872E33A44158F9849 /* ChuckCodeModelManager.cpp in Sources */,
				570A811C00E304BFACA7F414 /* ChuckCodeModel.cpp in Sources */,
				1D6D62CEEB7A0B7C97027042 /* PluginProcessor.cpp in Sources */,
				C9E4753543DACD5BA229AC2F /* CRTabbedComponent.cpp in Sources */,
				00DDC687CE21D492B84A616B /* ChuckCodeManagerComponent.cpp in Sources */,
				B14AB33CF4142843D7F33C6D /* EditorPanelUI.cpp in Sources */,
				06FECC30DE41F62B01E513C9 /* ConsoleComponent.cpp in Sources */,
				348A995D1CE297C7DE3BC852 /* ParameterMapUI.cpp in Sources */,
				46E7A7CDC463B141B9F00DF6 /* PluginEditor.cpp in Sources */,
				57804041BB4814323F8E93B4 /* MainViewComponent.cpp in Sources */,
				B2CE6BBB128B4C54204C2F52 /* CustomLookAndFeel.cpp in Sources */,
				230A49204E62A3ED1BABC26E /* ChuckCodeComponent.cpp in Sources */,
				3F87D414CCF97B510FBB15BC /* Counter.cpp in Sources */,
				1E25AF0A5E5D981F31D75E3C /* FileManager.cpp in Sources */,
				A75795F7DA2FB4BDBECB45E3 /* FilenameComponentExtra.cpp in Sources */,
				681BBE84277E826CE97B620A /* FloatParameter.cpp in Sources */,
				4B7026A27E66E718E0E3F2FB /* ChuckTokeniser.cpp in Sources */,
				D146D764FA2ECD7D5DB3C255 /* ConsoleGlobal.cpp in Sources */,
				D7C9468BE08C65CC0D47C6ED /* ulib_PluginParameters.cpp in Sources */,
				400764F7FA99804ECC5C23DD /* ulib_pluginhost.cpp in Sources */,
				90C529CEEFAC95DE80670339 /* BinaryData.cpp in Sources */,
				3C19A985CC730E1C3A900AAB /* include_juce_audio_basics.mm in Sources */,
				107457B19E4CA1DF2368136B /* include_juce_audio_devices.mm in Sources */,
				87F60150A8ACA9BDB373B75F /* include_juce_audio_formats.mm in Sources */,
				A12B17872752723C29F7D5C5 /* include_juce_audio_plugin_client_utils.cpp in Sources */,
				4B5434A53AC267CA944328E8 /* include_juce_audio_plugin_client_VST_utils.mm in Sources */,
				2149927AC7A62085E7A27875 /* include_juce_audio_processors.mm in Sources */,
				375C91DB6B6557C92A7079B6 /* include_juce_audio_utils.mm in Sources */,
				9016CC57A47F209CE2AF6C55 /* include_juce_core.mm in Sources */,
				A1A1C58594499C8619C13DD7 /* include_juce_data_structures.mm in Sources */,
				E34B323B3AB09B8AF90BA5C3 /* include_juce_events.mm in Sources */,
				D8D42FA4DB783759BD6D4FA7 /* include_juce_graphics.mm in Sources */,
				EF35FD607420D60B302ECC4B /* include_juce_gui_basics.mm in Sources */,
				A5B0D0BF95349DC390ECC3B8 /* include_juce_gui_extra.mm in Sources */,
			);
			runOnlyForDeploymentPostprocessing = 0;
		};
/* End PBXSourcesBuildPhase section */

/* Begin PBXTargetDependency section */
		09D9196A1FA08C900031367B /* PBXTargetDependency */ = {
			isa = PBXTargetDependency;
			name = libchuck;
			targetProxy = 09D919691FA08C900031367B /* PBXContainerItemProxy */;
		};
		2C10DECC6423C9A130606A33 /* PBXTargetDependency */ = {
			isa = PBXTargetDependency;
			target = 2CC2BEEBC54AD84D910B8F2A /* ChuckRacks - VST */;
			targetProxy = 09D9195D1FA08C5C0031367B /* PBXContainerItemProxy */;
		};
		AC47F01C73A543FBD25960AD /* PBXTargetDependency */ = {
			isa = PBXTargetDependency;
			target = A688325D2EEEF27BD3C63650 /* ChuckRacks - Shared Code */;
			targetProxy = 09D9195C1FA08C5C0031367B /* PBXContainerItemProxy */;
		};
		D0EFC23C80CC5D3B3B4BFF16 /* PBXTargetDependency */ = {
			isa = PBXTargetDependency;
			target = FCDB9E4F47C1267DE8740CDB /* ChuckRacks - AU */;
			targetProxy = 09D9195E1FA08C5C0031367B /* PBXContainerItemProxy */;
		};
/* End PBXTargetDependency section */

/* Begin XCBuildConfiguration section */
		09D46D4A9A42B426D3F5F326 /* Debug */ = {
			isa = XCBuildConfiguration;
			buildSettings = {
				ARCHS = "$(ARCHS_STANDARD_32_64_BIT)";
				CLANG_CXX_LANGUAGE_STANDARD = "c++11";
				CLANG_CXX_LIBRARY = "libc++";
				CLANG_LINK_OBJC_RUNTIME = NO;
				COMBINE_HIDPI_IMAGES = YES;
				CONFIGURATION_BUILD_DIR = "$(PROJECT_DIR)/build/$(CONFIGURATION)";
				COPY_PHASE_STRIP = NO;
				DEPLOYMENT_LOCATION = YES;
				DSTROOT = /;
				GCC_DYNAMIC_NO_PIC = NO;
				GCC_OPTIMIZATION_LEVEL = 0;
				GCC_PREPROCESSOR_DEFINITIONS = (
					"_DEBUG=1",
					"DEBUG=1",
					__MACOSX_CORE__,
					"JUCER_XCODE_MAC_F6D2F4CF=1",
					"JUCE_APP_VERSION=0.9",
					"JUCE_APP_VERSION_HEX=0x900",
					"JucePlugin_Build_VST=1",
					"JucePlugin_Build_VST3=0",
					"JucePlugin_Build_AU=0",
					"JucePlugin_Build_AUv3=0",
					"JucePlugin_Build_RTAS=0",
					"JucePlugin_Build_AAX=0",
					"JucePlugin_Build_Standalone=0",
				);
				GCC_VERSION = com.apple.compilers.llvm.clang.1_0;
				GENERATE_PKGINFO_FILE = YES;
				HEADER_SEARCH_PATHS = (
					../../JuceLibraryCode,
					../../JuceLibraryCode/modules,
					"$(PROJECT_DIR)/../../libchuck",
					"$(PROJECT_DIR)/../../libchuck/chuck/src",
					../../JuceLibraryCode/modules/juce_audio_plugin_client,
					"$(inherited)",
				);
				INFOPLIST_FILE = "Info-VST.plist";
				INSTALL_PATH = "$(HOME)/Library/Audio/Plug-Ins/VST/";
				LIBRARY_SEARCH_PATHS = (
					"$(inherited)",
					"\"$(PROJECT_DIR)/../../libraries/mac\"",
				);
				LIBRARY_STYLE = Bundle;
				MACOSX_DEPLOYMENT_TARGET = 10.9;
				MACOSX_DEPLOYMENT_TARGET_ppc = 10.4;
				OTHER_LDFLAGS = (
					"-bundle",
					"-lChuckRacks",
					"-F/System/Library/PrivateFrameworks",
					"-weak_framework",
					MultitouchSupport,
					"-lchuck",
				);
				PRODUCT_BUNDLE_IDENTIFIER = edu.mtiid.ChuckRacks;
				SDKROOT_ppc = macosx10.5;
				USE_HEADERMAP = NO;
				WRAPPER_EXTENSION = vst;
			};
			name = Debug;
		};
		1C775BDD1B118794F6E42FAC /* Debug */ = {
			isa = XCBuildConfiguration;
			buildSettings = {
			};
			name = Debug;
		};
		2948924665151481B5E95E19 /* Debug */ = {
			isa = XCBuildConfiguration;
			buildSettings = {
				ARCHS = "$(ARCHS_STANDARD_32_64_BIT)";
				CLANG_CXX_LANGUAGE_STANDARD = "c++11";
				CLANG_CXX_LIBRARY = "libc++";
				CLANG_LINK_OBJC_RUNTIME = NO;
				COMBINE_HIDPI_IMAGES = YES;
				CONFIGURATION_BUILD_DIR = "$(PROJECT_DIR)/build/$(CONFIGURATION)";
				COPY_PHASE_STRIP = NO;
				GCC_DYNAMIC_NO_PIC = NO;
				GCC_OPTIMIZATION_LEVEL = 0;
				GCC_PREPROCESSOR_DEFINITIONS = (
					"_DEBUG=1",
					"DEBUG=1",
					__MACOSX_CORE__,
					"JUCER_XCODE_MAC_F6D2F4CF=1",
					"JUCE_APP_VERSION=0.9",
					"JUCE_APP_VERSION_HEX=0x900",
					"JucePlugin_Build_VST=1",
					"JucePlugin_Build_VST3=0",
					"JucePlugin_Build_AU=1",
					"JucePlugin_Build_AUv3=0",
					"JucePlugin_Build_RTAS=0",
					"JucePlugin_Build_AAX=0",
					"JucePlugin_Build_Standalone=0",
					"JUCE_SHARED_CODE=1",
				);
				GCC_VERSION = com.apple.compilers.llvm.clang.1_0;
				HEADER_SEARCH_PATHS = (
					../../JuceLibraryCode,
					../../JuceLibraryCode/modules,
					"$(PROJECT_DIR)/../../libchuck",
					"$(PROJECT_DIR)/../../libchuck/chuck/src",
					../../JuceLibraryCode/modules/juce_audio_plugin_client,
					"$(inherited)",
				);
				INSTALL_PATH = "@executable_path/../Frameworks";
				LIBRARY_SEARCH_PATHS = "$(inherited)";
				MACOSX_DEPLOYMENT_TARGET = 10.9;
				MACOSX_DEPLOYMENT_TARGET_ppc = 10.4;
				OTHER_LDFLAGS = (
					"-F/System/Library/PrivateFrameworks",
					"-weak_framework",
					MultitouchSupport,
				);
				PRODUCT_BUNDLE_IDENTIFIER = edu.mtiid.ChuckRacks;
				SDKROOT_ppc = macosx10.5;
				USE_HEADERMAP = NO;
			};
			name = Debug;
		};
		4147A33DCD28493D34DC4AAF /* Release */ = {
			isa = XCBuildConfiguration;
			buildSettings = {
				ALWAYS_SEARCH_USER_PATHS = NO;
				DEBUG_INFORMATION_FORMAT = dwarf;
				GCC_C_LANGUAGE_STANDARD = c11;
				GCC_INLINES_ARE_PRIVATE_EXTERN = YES;
				GCC_MODEL_TUNING = G5;
				GCC_WARN_ABOUT_RETURN_TYPE = YES;
				GCC_WARN_CHECK_SWITCH_STATEMENTS = YES;
				GCC_WARN_MISSING_PARENTHESES = YES;
				GCC_WARN_NON_VIRTUAL_DESTRUCTOR = YES;
				GCC_WARN_TYPECHECK_CALLS_TO_PRINTF = YES;
				GCC_WARN_UNUSED_VARIABLE = YES;
				PRODUCT_NAME = ChuckRacks;
				WARNING_CFLAGS = "-Wreorder";
				ZERO_LINK = NO;
			};
			name = Release;
		};
		62CAD09CB1D4EF709C31FD24 /* Release */ = {
			isa = XCBuildConfiguration;
			buildSettings = {
			};
			name = Release;
		};
		9BA1815A52351B00F5F37E4A /* Debug */ = {
			isa = XCBuildConfiguration;
			buildSettings = {
				ALWAYS_SEARCH_USER_PATHS = NO;
				DEBUG_INFORMATION_FORMAT = dwarf;
				ENABLE_TESTABILITY = YES;
				GCC_C_LANGUAGE_STANDARD = c11;
				GCC_INLINES_ARE_PRIVATE_EXTERN = YES;
				GCC_MODEL_TUNING = G5;
				GCC_WARN_ABOUT_RETURN_TYPE = YES;
				GCC_WARN_CHECK_SWITCH_STATEMENTS = YES;
				GCC_WARN_MISSING_PARENTHESES = YES;
				GCC_WARN_NON_VIRTUAL_DESTRUCTOR = YES;
				GCC_WARN_TYPECHECK_CALLS_TO_PRINTF = YES;
				GCC_WARN_UNUSED_VARIABLE = YES;
				PRODUCT_NAME = ChuckRacks;
				WARNING_CFLAGS = "-Wreorder";
				ZERO_LINK = NO;
			};
			name = Debug;
		};
		AC6EC4F747A6F779EF2AC222 /* Debug */ = {
			isa = XCBuildConfiguration;
			buildSettings = {
				ARCHS = "$(ARCHS_STANDARD_32_64_BIT)";
				CLANG_CXX_LANGUAGE_STANDARD = "c++11";
				CLANG_CXX_LIBRARY = "libc++";
				CLANG_LINK_OBJC_RUNTIME = NO;
				COMBINE_HIDPI_IMAGES = YES;
				CONFIGURATION_BUILD_DIR = "$(PROJECT_DIR)/build/$(CONFIGURATION)";
				COPY_PHASE_STRIP = NO;
				DEPLOYMENT_LOCATION = YES;
				DSTROOT = /;
				GCC_DYNAMIC_NO_PIC = NO;
				GCC_OPTIMIZATION_LEVEL = 0;
				GCC_PREPROCESSOR_DEFINITIONS = (
					"_DEBUG=1",
					"DEBUG=1",
					__MACOSX_CORE__,
					"JUCER_XCODE_MAC_F6D2F4CF=1",
					"JUCE_APP_VERSION=0.9",
					"JUCE_APP_VERSION_HEX=0x900",
					"JucePlugin_Build_VST=0",
					"JucePlugin_Build_VST3=0",
					"JucePlugin_Build_AU=1",
					"JucePlugin_Build_AUv3=0",
					"JucePlugin_Build_RTAS=0",
					"JucePlugin_Build_AAX=0",
					"JucePlugin_Build_Standalone=0",
				);
				GCC_VERSION = com.apple.compilers.llvm.clang.1_0;
				GENERATE_PKGINFO_FILE = YES;
				HEADER_SEARCH_PATHS = (
					../../JuceLibraryCode,
					../../JuceLibraryCode/modules,
					"$(PROJECT_DIR)/../../libchuck",
					"$(PROJECT_DIR)/../../libchuck/chuck/src",
					../../JuceLibraryCode/modules/juce_audio_plugin_client,
					"$(inherited)",
				);
				INFOPLIST_FILE = "Info-AU.plist";
				INSTALL_PATH = "$(HOME)/Library/Audio/Plug-Ins/Components/";
				LIBRARY_SEARCH_PATHS = (
					"$(inherited)",
					"\"$(PROJECT_DIR)/../../libraries/mac\"",
				);
				LIBRARY_STYLE = Bundle;
				MACOSX_DEPLOYMENT_TARGET = 10.9;
				MACOSX_DEPLOYMENT_TARGET_ppc = 10.4;
				OTHER_LDFLAGS = (
					"-bundle",
					"-lChuckRacks",
					"-F/System/Library/PrivateFrameworks",
					"-weak_framework",
					MultitouchSupport,
					"-lchuck",
				);
				OTHER_REZFLAGS = "-d ppc_$ppc -d i386_$i386 -d ppc64_$ppc64 -d x86_64_$x86_64 -I /System/Library/Frameworks/CoreServices.framework/Frameworks/CarbonCore.framework/Versions/A/Headers -I \"$(DEVELOPER_DIR)/Extras/CoreAudio/AudioUnits/AUPublic/AUBase\"";
				PRODUCT_BUNDLE_IDENTIFIER = edu.mtiid.ChuckRacks;
				SDKROOT_ppc = macosx10.5;
				USE_HEADERMAP = NO;
				WRAPPER_EXTENSION = component;
			};
			name = Debug;
		};
		B567129B868B651F8541B2A0 /* Release */ = {
			isa = XCBuildConfiguration;
			buildSettings = {
				ARCHS = "$(ARCHS_STANDARD_32_64_BIT)";
				CLANG_CXX_LANGUAGE_STANDARD = "c++11";
				CLANG_CXX_LIBRARY = "libc++";
				CLANG_LINK_OBJC_RUNTIME = NO;
				COMBINE_HIDPI_IMAGES = YES;
				CONFIGURATION_BUILD_DIR = "$(PROJECT_DIR)/build/$(CONFIGURATION)";
				DEAD_CODE_STRIPPING = YES;
				DEPLOYMENT_LOCATION = YES;
				DSTROOT = /;
				GCC_GENERATE_DEBUGGING_SYMBOLS = NO;
				GCC_OPTIMIZATION_LEVEL = 3;
				GCC_PREPROCESSOR_DEFINITIONS = (
					"_NDEBUG=1",
					"NDEBUG=1",
					__MACOSX_CORE__,
					"JUCER_XCODE_MAC_F6D2F4CF=1",
					"JUCE_APP_VERSION=0.9",
					"JUCE_APP_VERSION_HEX=0x900",
					"JucePlugin_Build_VST=0",
					"JucePlugin_Build_VST3=0",
					"JucePlugin_Build_AU=1",
					"JucePlugin_Build_AUv3=0",
					"JucePlugin_Build_RTAS=0",
					"JucePlugin_Build_AAX=0",
					"JucePlugin_Build_Standalone=0",
				);
				GCC_SYMBOLS_PRIVATE_EXTERN = YES;
				GCC_VERSION = com.apple.compilers.llvm.clang.1_0;
				GENERATE_PKGINFO_FILE = YES;
				HEADER_SEARCH_PATHS = (
					../../JuceLibraryCode,
					../../JuceLibraryCode/modules,
					"$(PROJECT_DIR)/../../libchuck",
					"$(PROJECT_DIR)/../../libchuck/chuck/src",
					../../JuceLibraryCode/modules/juce_audio_plugin_client,
					"$(inherited)",
				);
				INFOPLIST_FILE = "Info-AU.plist";
				INSTALL_PATH = "$(HOME)/Library/Audio/Plug-Ins/Components/";
				LIBRARY_SEARCH_PATHS = (
					"$(inherited)",
					"\"$(PROJECT_DIR)/../../libraries/mac\"",
				);
				LIBRARY_STYLE = Bundle;
				MACOSX_DEPLOYMENT_TARGET = 10.9;
				MACOSX_DEPLOYMENT_TARGET_ppc = 10.4;
				OTHER_LDFLAGS = (
					"-bundle",
					"-lChuckRacks",
					"-F/System/Library/PrivateFrameworks",
					"-weak_framework",
					MultitouchSupport,
					"-lchuck",
				);
				OTHER_REZFLAGS = "-d ppc_$ppc -d i386_$i386 -d ppc64_$ppc64 -d x86_64_$x86_64 -I /System/Library/Frameworks/CoreServices.framework/Frameworks/CarbonCore.framework/Versions/A/Headers -I \"$(DEVELOPER_DIR)/Extras/CoreAudio/AudioUnits/AUPublic/AUBase\"";
				PRODUCT_BUNDLE_IDENTIFIER = edu.mtiid.ChuckRacks;
				SDKROOT_ppc = macosx10.5;
				USE_HEADERMAP = NO;
				WRAPPER_EXTENSION = component;
			};
			name = Release;
		};
		BFCFBCEDA3ABC751648D9467 /* Release */ = {
			isa = XCBuildConfiguration;
			buildSettings = {
				ARCHS = "$(ARCHS_STANDARD_32_64_BIT)";
				CLANG_CXX_LANGUAGE_STANDARD = "c++11";
				CLANG_CXX_LIBRARY = "libc++";
				CLANG_LINK_OBJC_RUNTIME = NO;
				COMBINE_HIDPI_IMAGES = YES;
				CONFIGURATION_BUILD_DIR = "$(PROJECT_DIR)/build/$(CONFIGURATION)";
				DEAD_CODE_STRIPPING = YES;
				DEPLOYMENT_LOCATION = YES;
				DSTROOT = /;
				GCC_GENERATE_DEBUGGING_SYMBOLS = NO;
				GCC_OPTIMIZATION_LEVEL = 3;
				GCC_PREPROCESSOR_DEFINITIONS = (
					"_NDEBUG=1",
					"NDEBUG=1",
					__MACOSX_CORE__,
					"JUCER_XCODE_MAC_F6D2F4CF=1",
					"JUCE_APP_VERSION=0.9",
					"JUCE_APP_VERSION_HEX=0x900",
					"JucePlugin_Build_VST=1",
					"JucePlugin_Build_VST3=0",
					"JucePlugin_Build_AU=0",
					"JucePlugin_Build_AUv3=0",
					"JucePlugin_Build_RTAS=0",
					"JucePlugin_Build_AAX=0",
					"JucePlugin_Build_Standalone=0",
				);
				GCC_SYMBOLS_PRIVATE_EXTERN = YES;
				GCC_VERSION = com.apple.compilers.llvm.clang.1_0;
				GENERATE_PKGINFO_FILE = YES;
				HEADER_SEARCH_PATHS = (
					../../JuceLibraryCode,
					../../JuceLibraryCode/modules,
					"$(PROJECT_DIR)/../../libchuck",
					"$(PROJECT_DIR)/../../libchuck/chuck/src",
					../../JuceLibraryCode/modules/juce_audio_plugin_client,
					"$(inherited)",
				);
				INFOPLIST_FILE = "Info-VST.plist";
				INSTALL_PATH = "$(HOME)/Library/Audio/Plug-Ins/VST/";
				LIBRARY_SEARCH_PATHS = (
					"$(inherited)",
					"\"$(PROJECT_DIR)/../../libraries/mac\"",
				);
				LIBRARY_STYLE = Bundle;
				MACOSX_DEPLOYMENT_TARGET = 10.9;
				MACOSX_DEPLOYMENT_TARGET_ppc = 10.4;
				OTHER_LDFLAGS = (
					"-bundle",
					"-lChuckRacks",
					"-F/System/Library/PrivateFrameworks",
					"-weak_framework",
					MultitouchSupport,
					"-lchuck",
				);
				PRODUCT_BUNDLE_IDENTIFIER = edu.mtiid.ChuckRacks;
				SDKROOT_ppc = macosx10.5;
				USE_HEADERMAP = NO;
				WRAPPER_EXTENSION = vst;
			};
			name = Release;
		};
		E09A79D43CFA50D857239CE4 /* Release */ = {
			isa = XCBuildConfiguration;
			buildSettings = {
				ARCHS = "$(ARCHS_STANDARD_32_64_BIT)";
				CLANG_CXX_LANGUAGE_STANDARD = "c++11";
				CLANG_CXX_LIBRARY = "libc++";
				CLANG_LINK_OBJC_RUNTIME = NO;
				COMBINE_HIDPI_IMAGES = YES;
				CONFIGURATION_BUILD_DIR = "$(PROJECT_DIR)/build/$(CONFIGURATION)";
				DEAD_CODE_STRIPPING = YES;
				GCC_GENERATE_DEBUGGING_SYMBOLS = NO;
				GCC_OPTIMIZATION_LEVEL = 3;
				GCC_PREPROCESSOR_DEFINITIONS = (
					"_NDEBUG=1",
					"NDEBUG=1",
					__MACOSX_CORE__,
					"JUCER_XCODE_MAC_F6D2F4CF=1",
					"JUCE_APP_VERSION=0.9",
					"JUCE_APP_VERSION_HEX=0x900",
					"JucePlugin_Build_VST=1",
					"JucePlugin_Build_VST3=0",
					"JucePlugin_Build_AU=1",
					"JucePlugin_Build_AUv3=0",
					"JucePlugin_Build_RTAS=0",
					"JucePlugin_Build_AAX=0",
					"JucePlugin_Build_Standalone=0",
					"JUCE_SHARED_CODE=1",
				);
				GCC_SYMBOLS_PRIVATE_EXTERN = YES;
				GCC_VERSION = com.apple.compilers.llvm.clang.1_0;
				HEADER_SEARCH_PATHS = (
					../../JuceLibraryCode,
					../../JuceLibraryCode/modules,
					"$(PROJECT_DIR)/../../libchuck",
					"$(PROJECT_DIR)/../../libchuck/chuck/src",
					../../JuceLibraryCode/modules/juce_audio_plugin_client,
					"$(inherited)",
				);
				INSTALL_PATH = "@executable_path/../Frameworks";
				LIBRARY_SEARCH_PATHS = "$(inherited)";
				MACOSX_DEPLOYMENT_TARGET = 10.9;
				MACOSX_DEPLOYMENT_TARGET_ppc = 10.4;
				OTHER_LDFLAGS = (
					"-F/System/Library/PrivateFrameworks",
					"-weak_framework",
					MultitouchSupport,
				);
				PRODUCT_BUNDLE_IDENTIFIER = edu.mtiid.ChuckRacks;
				SDKROOT_ppc = macosx10.5;
				USE_HEADERMAP = NO;
			};
			name = Release;
		};
/* End XCBuildConfiguration section */

/* Begin XCConfigurationList section */
		3E8EE7C955D148CE77A832EE /* Build configuration list for PBXProject "ChuckRacks" */ = {
			isa = XCConfigurationList;
			buildConfigurations = (
				9BA1815A52351B00F5F37E4A /* Debug */,
				4147A33DCD28493D34DC4AAF /* Release */,
			);
			defaultConfigurationIsVisible = 0;
			defaultConfigurationName = Debug;
		};
		52E30A729B89190B4F71BAB6 /* Build configuration list for PBXNativeTarget "ChuckRacks - Shared Code" */ = {
			isa = XCConfigurationList;
			buildConfigurations = (
				2948924665151481B5E95E19 /* Debug */,
				E09A79D43CFA50D857239CE4 /* Release */,
			);
			defaultConfigurationIsVisible = 0;
			defaultConfigurationName = Debug;
		};
		73B73054ABE7BF9FE38B1F0C /* Build configuration list for PBXAggregateTarget "ChuckRacks - All" */ = {
			isa = XCConfigurationList;
			buildConfigurations = (
				1C775BDD1B118794F6E42FAC /* Debug */,
				62CAD09CB1D4EF709C31FD24 /* Release */,
			);
			defaultConfigurationIsVisible = 0;
			defaultConfigurationName = Debug;
		};
		9BC92943BA3A5058F311DA46 /* Build configuration list for PBXNativeTarget "ChuckRacks - VST" */ = {
			isa = XCConfigurationList;
			buildConfigurations = (
				09D46D4A9A42B426D3F5F326 /* Debug */,
				BFCFBCEDA3ABC751648D9467 /* Release */,
			);
			defaultConfigurationIsVisible = 0;
			defaultConfigurationName = Debug;
		};
		C30A272C2705EC2029E71E5A /* Build configuration list for PBXNativeTarget "ChuckRacks - AU" */ = {
			isa = XCConfigurationList;
			buildConfigurations = (
				AC6EC4F747A6F779EF2AC222 /* Debug */,
				B567129B868B651F8541B2A0 /* Release */,
			);
			defaultConfigurationIsVisible = 0;
			defaultConfigurationName = Debug;
		};
/* End XCConfigurationList section */
	};
	rootObject = CCE4E2688D14EC4BFBC51676 /* Project object */;
}
