// !$*UTF8*$!
{
	archiveVersion = 1;
	classes = {
	};
	objectVersion = 46;
	objects = {

		FB7A98E6FA56F76A28C21CE3 = {isa = PBXBuildFile; fileRef = 068FBDA583B72A4B0618203C; };
		32A7C3B323ACDACF17E44A99 = {isa = PBXBuildFile; fileRef = D093917DE6637B1167421778; };
		B9C0C43721496A589B568E01 = {isa = PBXBuildFile; fileRef = 3ECD50A7CBBB98D18F582A0B; };
		97D1724F30FED339BA1FCAE0 = {isa = PBXBuildFile; fileRef = DBD7FB6CA0CB853C89A0651B; };
		AA32D3B2BA9F4B483A6FF28A = {isa = PBXBuildFile; fileRef = 685B3E834B154838B44ADE93; };
		261C0F7B26470BDD23DB86B4 = {isa = PBXBuildFile; fileRef = 195CFC445B6838C7A3463102; };
		FEC164B4D1E12C146AE209D8 = {isa = PBXBuildFile; fileRef = 5DA2CF5F91DC7AE5BCF912F8; };
		A2CA3E5194D4C2AA9BBEF7CC = {isa = PBXBuildFile; fileRef = F37B77C1D428879308032C28; };
		1FC71803D66A573DDE3CE3C9 = {isa = PBXBuildFile; fileRef = C0DC75FDA964B64D0D37F768; };
		41EF463C28A4B8B0DD7B54E0 = {isa = PBXBuildFile; fileRef = 9AF646D6EE5D5F17A7A9DB57; };
		2C686F578A12A167033FEE54 = {isa = PBXBuildFile; fileRef = 787344115D1704640525E130; };
		9FE14C00037A41A8DD5E08D2 = {isa = PBXBuildFile; fileRef = 206E6FCCC03DD6647D442E10; };
		DDA0C37BAC41AB7959C75680 = {isa = PBXBuildFile; fileRef = 0DFBEF76EC888A3185AFDAB9; };
		E42A72286CF6C0E2BCE738B7 = {isa = PBXBuildFile; fileRef = 7D1F6B53A4F187489129DCF8; };
		3C56620C2BE81F01FAC30415 = {isa = PBXBuildFile; fileRef = 07EAFBEC9017119381EC3443; };
		41AA8EF9F9A37650287B3C4B = {isa = PBXBuildFile; fileRef = 7D3F07ABCAF731783E52330A; };
		B9A1DF8872E33A44158F9849 = {isa = PBXBuildFile; fileRef = C5837B44EACA33ED845E5CE9; };
		570A811C00E304BFACA7F414 = {isa = PBXBuildFile; fileRef = 9E492B65A8C095082A98261E; };
		1D6D62CEEB7A0B7C97027042 = {isa = PBXBuildFile; fileRef = 358F2318229424810E91D7AD; };
		C9E4753543DACD5BA229AC2F = {isa = PBXBuildFile; fileRef = 12FFC633ACD9ED51D101F636; };
		00DDC687CE21D492B84A616B = {isa = PBXBuildFile; fileRef = 719E6609F910B805C4CCCB40; };
		B14AB33CF4142843D7F33C6D = {isa = PBXBuildFile; fileRef = 646467F41DB3FC05DAA26DD9; };
		06FECC30DE41F62B01E513C9 = {isa = PBXBuildFile; fileRef = FA9F3CADE99C16A8240E5DA3; };
		348A995D1CE297C7DE3BC852 = {isa = PBXBuildFile; fileRef = B4CC0EAD82E8B2E33217517A; };
		46E7A7CDC463B141B9F00DF6 = {isa = PBXBuildFile; fileRef = C1F96D9B6D193DDD117CC893; };
		57804041BB4814323F8E93B4 = {isa = PBXBuildFile; fileRef = D292192FCDBDF0B4D2E4BC46; };
		B2CE6BBB128B4C54204C2F52 = {isa = PBXBuildFile; fileRef = 7619C75D333EFFED099E09E9; };
		230A49204E62A3ED1BABC26E = {isa = PBXBuildFile; fileRef = ADC95D53AA2A17A8EB51DB52; };
		3F87D414CCF97B510FBB15BC = {isa = PBXBuildFile; fileRef = 4F74D23DF62ECE3920A9214E; };
		1E25AF0A5E5D981F31D75E3C = {isa = PBXBuildFile; fileRef = 7BC0D62D3D8B331374E8624D; };
		A75795F7DA2FB4BDBECB45E3 = {isa = PBXBuildFile; fileRef = D5459B40C2BF63C24CDBBD1E; };
		681BBE84277E826CE97B620A = {isa = PBXBuildFile; fileRef = 74FCF5A0D3E62FF5C5B7112E; };
		4B7026A27E66E718E0E3F2FB = {isa = PBXBuildFile; fileRef = 44031EBA1FE062BE27783D0E; };
		D146D764FA2ECD7D5DB3C255 = {isa = PBXBuildFile; fileRef = 3D685DE37B614DE8BAF1F187; };
		D7C9468BE08C65CC0D47C6ED = {isa = PBXBuildFile; fileRef = B33C735F9820A5E1EC11B799; };
		400764F7FA99804ECC5C23DD = {isa = PBXBuildFile; fileRef = 09062C9D0352D334026BEAE3; };
		90C529CEEFAC95DE80670339 = {isa = PBXBuildFile; fileRef = ED099E9C10220A757D7261E5; };
		3C19A985CC730E1C3A900AAB = {isa = PBXBuildFile; fileRef = 51068E753805CFB7DC211DBC; };
		107457B19E4CA1DF2368136B = {isa = PBXBuildFile; fileRef = FA022FBB61A50163EBA83B64; };
		87F60150A8ACA9BDB373B75F = {isa = PBXBuildFile; fileRef = DC383019A7EDFD5395997FC1; };
		849E4B9E994CC4639F9D9C54 = {isa = PBXBuildFile; fileRef = A53472E47A1F91BC46757B9C; };
		73669F7F243F50900CD0DDE1 = {isa = PBXBuildFile; fileRef = AE018512E108066AFE76FB50; };
		462A2DC140B7792E7962CBF5 = {isa = PBXBuildFile; fileRef = 62DCE4CB8195CDD0655347FC; };
		A12B17872752723C29F7D5C5 = {isa = PBXBuildFile; fileRef = 593E99DA6524932B29B43E78; };
		4B5434A53AC267CA944328E8 = {isa = PBXBuildFile; fileRef = 02DDE49AA4A3D4CC13E8565C; };
		E7D66F95C7B008DA3954EF05 = {isa = PBXBuildFile; fileRef = 3BDEFF99B4437E1B4FB8610E; };
		2149927AC7A62085E7A27875 = {isa = PBXBuildFile; fileRef = AB3BB43B6549F1971554F59E; };
		375C91DB6B6557C92A7079B6 = {isa = PBXBuildFile; fileRef = D2A57B5B8731234BBF4E889F; };
		9016CC57A47F209CE2AF6C55 = {isa = PBXBuildFile; fileRef = 0906E95986AF186C72410987; };
		A1A1C58594499C8619C13DD7 = {isa = PBXBuildFile; fileRef = 859273B489FB16E7094D539A; };
		E34B323B3AB09B8AF90BA5C3 = {isa = PBXBuildFile; fileRef = D5BCE9B9CF15124D71DCAE1C; };
		D8D42FA4DB783759BD6D4FA7 = {isa = PBXBuildFile; fileRef = FEDB42310CAB74B5F8E5A45D; };
		EF35FD607420D60B302ECC4B = {isa = PBXBuildFile; fileRef = 6B199CD0027ADE614EAE98C8; };
		A5B0D0BF95349DC390ECC3B8 = {isa = PBXBuildFile; fileRef = 19F3A0E13FA72C2A668373FB; };
		02DDE49AA4A3D4CC13E8565C = {isa = PBXFileReference; lastKnownFileType = sourcecode.cpp.objcpp; name = "include_juce_audio_plugin_client_VST_utils.mm"; path = "../../JuceLibraryCode/include_juce_audio_plugin_client_VST_utils.mm"; sourceTree = "SOURCE_ROOT"; };
		0449767416B56741D4F272F8 = {isa = PBXFileReference; lastKnownFileType = file; name = "juce_audio_formats"; path = "../../JuceLibraryCode/modules/juce_audio_formats"; sourceTree = "SOURCE_ROOT"; };
		068FBDA583B72A4B0618203C = {isa = PBXFileReference; explicitFileType = wrapper.cfbundle; includeInIndex = 0; path = ChuckRacks.vst; sourceTree = "BUILT_PRODUCTS_DIR"; };
		0771327756FC7D999B495D94 = {isa = PBXFileReference; lastKnownFileType = sourcecode.c.h; name = ConsoleGlobal.h; path = ../../Source/ConsoleGlobal.h; sourceTree = "SOURCE_ROOT"; };
		07EAFBEC9017119381EC3443 = {isa = PBXFileReference; lastKnownFileType = wrapper.framework; name = WebKit.framework; path = System/Library/Frameworks/WebKit.framework; sourceTree = SDKROOT; };
		09062C9D0352D334026BEAE3 = {isa = PBXFileReference; lastKnownFileType = sourcecode.cpp.cpp; name = "ulib_pluginhost.cpp"; path = "../../Source/ulib_pluginhost.cpp"; sourceTree = "SOURCE_ROOT"; };
		0906E95986AF186C72410987 = {isa = PBXFileReference; lastKnownFileType = sourcecode.cpp.objcpp; name = "include_juce_core.mm"; path = "../../JuceLibraryCode/include_juce_core.mm"; sourceTree = "SOURCE_ROOT"; };
		0DFBEF76EC888A3185AFDAB9 = {isa = PBXFileReference; lastKnownFileType = wrapper.framework; name = IOKit.framework; path = System/Library/Frameworks/IOKit.framework; sourceTree = SDKROOT; };
		0E9E20FCE34619481D7EF08F = {isa = PBXFileReference; lastKnownFileType = file.svg; name = removeAllShredUp.svg; path = ../../Resources/removeAllShredUp.svg; sourceTree = "SOURCE_ROOT"; };
		111B0FC1048F5497D49157E4 = {isa = PBXFileReference; lastKnownFileType = sourcecode.c.h; name = PluginEditor.h; path = ../../Source/PluginEditor.h; sourceTree = "SOURCE_ROOT"; };
		12FFC633ACD9ED51D101F636 = {isa = PBXFileReference; lastKnownFileType = sourcecode.cpp.cpp; name = CRTabbedComponent.cpp; path = ../../Source/CRTabbedComponent.cpp; sourceTree = "SOURCE_ROOT"; };
		16D131028261C6BD5CC4CD7B = {isa = PBXFileReference; lastKnownFileType = sourcecode.c.h; name = CustomLookAndFeel.h; path = ../../Source/CustomLookAndFeel.h; sourceTree = "SOURCE_ROOT"; };
		17D53C11CF15A60493E9D90C = {isa = PBXFileReference; lastKnownFileType = sourcecode.c.h; name = CodeEditorD.h; path = ../../Source/CodeEditorD.h; sourceTree = "SOURCE_ROOT"; };
		195CFC445B6838C7A3463102 = {isa = PBXFileReference; lastKnownFileType = wrapper.framework; name = AudioUnit.framework; path = System/Library/Frameworks/AudioUnit.framework; sourceTree = SDKROOT; };
		19F3A0E13FA72C2A668373FB = {isa = PBXFileReference; lastKnownFileType = sourcecode.cpp.objcpp; name = "include_juce_gui_extra.mm"; path = "../../JuceLibraryCode/include_juce_gui_extra.mm"; sourceTree = "SOURCE_ROOT"; };
		1A6CBE555EBD0D72EEDAA1FE = {isa = PBXFileReference; lastKnownFileType = sourcecode.c.h; name = EditorPanelUI.h; path = ../../Source/EditorPanelUI.h; sourceTree = "SOURCE_ROOT"; };
		1D342B4359F1DE7CDBFAD8E4 = {isa = PBXFileReference; lastKnownFileType = file.svg; name = addshrediconDown.svg; path = ../../Resources/addshrediconDown.svg; sourceTree = "SOURCE_ROOT"; };
		206E6FCCC03DD6647D442E10 = {isa = PBXFileReference; lastKnownFileType = wrapper.framework; name = DiscRecording.framework; path = System/Library/Frameworks/DiscRecording.framework; sourceTree = SDKROOT; };
		25978A8627DD1E036B2269C5 = {isa = PBXFileReference; lastKnownFileType = file.svg; name = collapse.svg; path = ../../Resources/collapse.svg; sourceTree = "SOURCE_ROOT"; };
		294E3E869137E5113BBA10C1 = {isa = PBXFileReference; lastKnownFileType = sourcecode.c.h; name = Defines.h; path = ../../Source/Defines.h; sourceTree = "SOURCE_ROOT"; };
		32C499DDE894A45770F3B3F9 = {isa = PBXFileReference; lastKnownFileType = sourcecode.c.h; name = MainViewComponent.h; path = ../../Source/MainViewComponent.h; sourceTree = "SOURCE_ROOT"; };
		353DA916A55CC07545305214 = {isa = PBXFileReference; lastKnownFileType = file; name = "juce_events"; path = "../../JuceLibraryCode/modules/juce_events"; sourceTree = "SOURCE_ROOT"; };
		358F2318229424810E91D7AD = {isa = PBXFileReference; lastKnownFileType = sourcecode.cpp.cpp; name = PluginProcessor.cpp; path = ../../Source/PluginProcessor.cpp; sourceTree = "SOURCE_ROOT"; };
		38603912A10D6129FFD78C79 = {isa = PBXFileReference; lastKnownFileType = file; name = "juce_audio_processors"; path = "../../JuceLibraryCode/modules/juce_audio_processors"; sourceTree = "SOURCE_ROOT"; };
		391124AAA82B37ACE2EE831A = {isa = PBXFileReference; lastKnownFileType = sourcecode.c.h; name = CRTabbedComponent.h; path = ../../Source/CRTabbedComponent.h; sourceTree = "SOURCE_ROOT"; };
		3990AA8A5DC511B7C24F926B = {isa = PBXFileReference; lastKnownFileType = file; name = "juce_audio_basics"; path = "../../JuceLibraryCode/modules/juce_audio_basics"; sourceTree = "SOURCE_ROOT"; };
		3BDEFF99B4437E1B4FB8610E = {isa = PBXFileReference; lastKnownFileType = sourcecode.cpp.cpp; name = "include_juce_audio_plugin_client_VST2.cpp"; path = "../../JuceLibraryCode/include_juce_audio_plugin_client_VST2.cpp"; sourceTree = "SOURCE_ROOT"; };
		3D685DE37B614DE8BAF1F187 = {isa = PBXFileReference; lastKnownFileType = sourcecode.cpp.cpp; name = ConsoleGlobal.cpp; path = ../../Source/ConsoleGlobal.cpp; sourceTree = "SOURCE_ROOT"; };
		44031EBA1FE062BE27783D0E = {isa = PBXFileReference; lastKnownFileType = sourcecode.cpp.cpp; name = ChuckTokeniser.cpp; path = ../../Source/ChuckTokeniser.cpp; sourceTree = "SOURCE_ROOT"; };
		44160157A89B1D42BD39840A = {isa = PBXFileReference; lastKnownFileType = file.svg; name = addshrediconUp.svg; path = ../../Resources/addshrediconUp.svg; sourceTree = "SOURCE_ROOT"; };
		4D2BCFE919EEA23D57377CBB = {isa = PBXFileReference; lastKnownFileType = sourcecode.c.h; name = PluginProcessor.h; path = ../../Source/PluginProcessor.h; sourceTree = "SOURCE_ROOT"; };
		51068E753805CFB7DC211DBC = {isa = PBXFileReference; lastKnownFileType = sourcecode.cpp.objcpp; name = "include_juce_audio_basics.mm"; path = "../../JuceLibraryCode/include_juce_audio_basics.mm"; sourceTree = "SOURCE_ROOT"; };
		D093917DE6637B1167421778 = {isa = PBXFileReference; explicitFileType = wrapper.cfbundle; includeInIndex = 0; path = ChuckRacks.component; sourceTree = "BUILT_PRODUCTS_DIR"; };
		3ECD50A7CBBB98D18F582A0B = {isa = PBXFileReference; explicitFileType = archive.ar; includeInIndex = 0; path = libChuckRacks.a; sourceTree = "BUILT_PRODUCTS_DIR"; };
		3ED21130FC7CE435B3B30C6D = {isa = PBXFileReference; lastKnownFileType = sourcecode.c.h; name = ChuckCodeManagerComponent.h; path = ../../Source/ChuckCodeManagerComponent.h; sourceTree = "SOURCE_ROOT"; };
		4AA595D8BAD217018EDC2F9A = {isa = PBXFileReference; lastKnownFileType = sourcecode.c.h; name = KnobInfo.h; path = ../../Source/KnobInfo.h; sourceTree = "SOURCE_ROOT"; };
		4B1801D08CE3E1E57FA73267 = {isa = PBXFileReference; lastKnownFileType = sourcecode.c.h; name = FloatParameter.h; path = ../../Source/FloatParameter.h; sourceTree = "SOURCE_ROOT"; };
		4F74D23DF62ECE3920A9214E = {isa = PBXFileReference; lastKnownFileType = sourcecode.cpp.cpp; name = Counter.cpp; path = ../../Source/Counter.cpp; sourceTree = "SOURCE_ROOT"; };
		593E99DA6524932B29B43E78 = {isa = PBXFileReference; lastKnownFileType = sourcecode.cpp.cpp; name = "include_juce_audio_plugin_client_utils.cpp"; path = "../../JuceLibraryCode/include_juce_audio_plugin_client_utils.cpp"; sourceTree = "SOURCE_ROOT"; };
		5DA2CF5F91DC7AE5BCF912F8 = {isa = PBXFileReference; lastKnownFileType = wrapper.framework; name = Carbon.framework; path = System/Library/Frameworks/Carbon.framework; sourceTree = SDKROOT; };
		5FEEB829B9DB85C720F5AF59 = {isa = PBXFileReference; lastKnownFileType = sourcecode.c.h; name = ChuckCodeComponent.h; path = ../../Source/ChuckCodeComponent.h; sourceTree = "SOURCE_ROOT"; };
		623AF0FE484C72B8604C73C9 = {isa = PBXFileReference; lastKnownFileType = file; name = "juce_core"; path = "../../JuceLibraryCode/modules/juce_core"; sourceTree = "SOURCE_ROOT"; };
		62DCE4CB8195CDD0655347FC = {isa = PBXFileReference; lastKnownFileType = sourcecode.cpp.objcpp; name = "include_juce_audio_plugin_client_AU_2.mm"; path = "../../JuceLibraryCode/include_juce_audio_plugin_client_AU_2.mm"; sourceTree = "SOURCE_ROOT"; };
		62F70C7DE15C27ADF6D3B1FD = {isa = PBXFileReference; lastKnownFileType = archive.ar; name = libchuck.a; path = ../../libraries/mac/libchuck.a; sourceTree = "SOURCE_ROOT"; };
		646467F41DB3FC05DAA26DD9 = {isa = PBXFileReference; lastKnownFileType = sourcecode.cpp.cpp; name = EditorPanelUI.cpp; path = ../../Source/EditorPanelUI.cpp; sourceTree = "SOURCE_ROOT"; };
		685B3E834B154838B44ADE93 = {isa = PBXFileReference; lastKnownFileType = wrapper.framework; name = AudioToolbox.framework; path = System/Library/Frameworks/AudioToolbox.framework; sourceTree = SDKROOT; };
		688D62B71FD7B0C42F7536CD = {isa = PBXFileReference; lastKnownFileType = file.svg; name = removeAllShredDown.svg; path = ../../Resources/removeAllShredDown.svg; sourceTree = "SOURCE_ROOT"; };
		68E632E242C02DF0B464741B = {isa = PBXFileReference; lastKnownFileType = file.svg; name = expand.svg; path = ../../Resources/expand.svg; sourceTree = "SOURCE_ROOT"; };
		6B199CD0027ADE614EAE98C8 = {isa = PBXFileReference; lastKnownFileType = sourcecode.cpp.objcpp; name = "include_juce_gui_basics.mm"; path = "../../JuceLibraryCode/include_juce_gui_basics.mm"; sourceTree = "SOURCE_ROOT"; };
		6C18B3D06AB548F359C2DBDD = {isa = PBXFileReference; lastKnownFileType = sourcecode.c.h; name = Counter.h; path = ../../Source/Counter.h; sourceTree = "SOURCE_ROOT"; };
		7044DD9ED9367B0450A3F825 = {isa = PBXFileReference; lastKnownFileType = sourcecode.c.h; name = AppViewMode.h; path = ../../Source/AppViewMode.h; sourceTree = "SOURCE_ROOT"; };
		719E6609F910B805C4CCCB40 = {isa = PBXFileReference; lastKnownFileType = sourcecode.cpp.cpp; name = ChuckCodeManagerComponent.cpp; path = ../../Source/ChuckCodeManagerComponent.cpp; sourceTree = "SOURCE_ROOT"; };
		74FCF5A0D3E62FF5C5B7112E = {isa = PBXFileReference; lastKnownFileType = sourcecode.cpp.cpp; name = FloatParameter.cpp; path = ../../Source/FloatParameter.cpp; sourceTree = "SOURCE_ROOT"; };
		7619C75D333EFFED099E09E9 = {isa = PBXFileReference; lastKnownFileType = sourcecode.cpp.cpp; name = CustomLookAndFeel.cpp; path = ../../Source/CustomLookAndFeel.cpp; sourceTree = "SOURCE_ROOT"; };
		787344115D1704640525E130 = {isa = PBXFileReference; lastKnownFileType = wrapper.framework; name = CoreMIDI.framework; path = System/Library/Frameworks/CoreMIDI.framework; sourceTree = SDKROOT; };
		7BC0D62D3D8B331374E8624D = {isa = PBXFileReference; lastKnownFileType = sourcecode.cpp.cpp; name = FileManager.cpp; path = ../../Source/FileManager.cpp; sourceTree = "SOURCE_ROOT"; };
		7D1F6B53A4F187489129DCF8 = {isa = PBXFileReference; lastKnownFileType = wrapper.framework; name = QuartzCore.framework; path = System/Library/Frameworks/QuartzCore.framework; sourceTree = SDKROOT; };
		7D3F07ABCAF731783E52330A = {isa = PBXFileReference; lastKnownFileType = file.nib; name = RecentFilesMenuTemplate.nib; path = RecentFilesMenuTemplate.nib; sourceTree = "SOURCE_ROOT"; };
		83F2F7D73A63E2A8EEFFE2DD = {isa = PBXFileReference; lastKnownFileType = sourcecode.c.h; name = FilenameComponentExtra.h; path = ../../Source/FilenameComponentExtra.h; sourceTree = "SOURCE_ROOT"; };
		859273B489FB16E7094D539A = {isa = PBXFileReference; lastKnownFileType = sourcecode.cpp.objcpp; name = "include_juce_data_structures.mm"; path = "../../JuceLibraryCode/include_juce_data_structures.mm"; sourceTree = "SOURCE_ROOT"; };
		8AE6546704C3CC31A8851AE4 = {isa = PBXFileReference; lastKnownFileType = file; name = "juce_gui_extra"; path = "../../JuceLibraryCode/modules/juce_gui_extra"; sourceTree = "SOURCE_ROOT"; };
		8F0D3FA2F8AB362DB15D6AD5 = {isa = PBXFileReference; lastKnownFileType = text.plist.xml; name = "Info-AU.plist"; path = "Info-AU.plist"; sourceTree = "SOURCE_ROOT"; };
		9330D02A956C9B0ED38F5551 = {isa = PBXFileReference; lastKnownFileType = file; name = "juce_audio_devices"; path = "../../JuceLibraryCode/modules/juce_audio_devices"; sourceTree = "SOURCE_ROOT"; };
		947F65758EB771DFA70AE2DF = {isa = PBXFileReference; lastKnownFileType = sourcecode.c.h; name = "ulib_pluginhost.h"; path = "../../Source/ulib_pluginhost.h"; sourceTree = "SOURCE_ROOT"; };
		949FA4AE289B5A5D77148383 = {isa = PBXFileReference; lastKnownFileType = sourcecode.c.h; name = JuceHeader.h; path = ../../JuceLibraryCode/JuceHeader.h; sourceTree = "SOURCE_ROOT"; };
		9A368807AB806D43078FB43C = {isa = PBXFileReference; lastKnownFileType = file.svg; name = open.svg; path = ../../Resources/open.svg; sourceTree = "SOURCE_ROOT"; };
		9AF646D6EE5D5F17A7A9DB57 = {isa = PBXFileReference; lastKnownFileType = wrapper.framework; name = CoreAudioKit.framework; path = System/Library/Frameworks/CoreAudioKit.framework; sourceTree = SDKROOT; };
		9E492B65A8C095082A98261E = {isa = PBXFileReference; lastKnownFileType = sourcecode.cpp.cpp; name = ChuckCodeModel.cpp; path = ../../Source/ChuckCodeModel.cpp; sourceTree = "SOURCE_ROOT"; };
		9F5646D10C8B5FA05941A848 = {isa = PBXFileReference; lastKnownFileType = file; name = "juce_audio_utils"; path = "../../JuceLibraryCode/modules/juce_audio_utils"; sourceTree = "SOURCE_ROOT"; };
		A16F66BF754286C8D340EB54 = {isa = PBXFileReference; lastKnownFileType = sourcecode.c.h; name = ChuckCodeModelManager.h; path = ../../Source/ChuckCodeModelManager.h; sourceTree = "SOURCE_ROOT"; };
		A2CE0C1F363290A5C331688C = {isa = PBXFileReference; lastKnownFileType = text.plist.xml; name = ChuckRacks.entitlements; path = ChuckRacks.entitlements; sourceTree = "SOURCE_ROOT"; };
		A48222AC3AD53771428D6D9F = {isa = PBXFileReference; lastKnownFileType = text.plist.xml; name = "Info-VST.plist"; path = "Info-VST.plist"; sourceTree = "SOURCE_ROOT"; };
		A53472E47A1F91BC46757B9C = {isa = PBXFileReference; lastKnownFileType = file.r; name = "include_juce_audio_plugin_client_AU.r"; path = "../../JuceLibraryCode/include_juce_audio_plugin_client_AU.r"; sourceTree = "SOURCE_ROOT"; };
		A839224858F43D213DF9FEFF = {isa = PBXFileReference; lastKnownFileType = sourcecode.c.h; name = ConsoleComponent.h; path = ../../Source/ConsoleComponent.h; sourceTree = "SOURCE_ROOT"; };
		AB3BB43B6549F1971554F59E = {isa = PBXFileReference; lastKnownFileType = sourcecode.cpp.objcpp; name = "include_juce_audio_processors.mm"; path = "../../JuceLibraryCode/include_juce_audio_processors.mm"; sourceTree = "SOURCE_ROOT"; };
		ADC95D53AA2A17A8EB51DB52 = {isa = PBXFileReference; lastKnownFileType = sourcecode.cpp.cpp; name = ChuckCodeComponent.cpp; path = ../../Source/ChuckCodeComponent.cpp; sourceTree = "SOURCE_ROOT"; };
		AE018512E108066AFE76FB50 = {isa = PBXFileReference; lastKnownFileType = sourcecode.cpp.objcpp; name = "include_juce_audio_plugin_client_AU_1.mm"; path = "../../JuceLibraryCode/include_juce_audio_plugin_client_AU_1.mm"; sourceTree = "SOURCE_ROOT"; };
		B0BF4EC56B865ABC0FECE1D3 = {isa = PBXFileReference; lastKnownFileType = file; name = "juce_data_structures"; path = "../../JuceLibraryCode/modules/juce_data_structures"; sourceTree = "SOURCE_ROOT"; };
		B33C735F9820A5E1EC11B799 = {isa = PBXFileReference; lastKnownFileType = sourcecode.cpp.cpp; name = "ulib_PluginParameters.cpp"; path = "../../Source/ulib_PluginParameters.cpp"; sourceTree = "SOURCE_ROOT"; };
		B4CC0EAD82E8B2E33217517A = {isa = PBXFileReference; lastKnownFileType = sourcecode.cpp.cpp; name = ParameterMapUI.cpp; path = ../../Source/ParameterMapUI.cpp; sourceTree = "SOURCE_ROOT"; };
		B4D5A2633557A97663266B76 = {isa = PBXFileReference; lastKnownFileType = sourcecode.c.h; name = ChuckCodeModel.h; path = ../../Source/ChuckCodeModel.h; sourceTree = "SOURCE_ROOT"; };
		B55099207B3F38EA78C60820 = {isa = PBXFileReference; lastKnownFileType = sourcecode.c.h; name = CodeEditorDemo.h; path = ../../Source/CodeEditorDemo.h; sourceTree = "SOURCE_ROOT"; };
		C0DC75FDA964B64D0D37F768 = {isa = PBXFileReference; lastKnownFileType = wrapper.framework; name = CoreAudio.framework; path = System/Library/Frameworks/CoreAudio.framework; sourceTree = SDKROOT; };
		C1F96D9B6D193DDD117CC893 = {isa = PBXFileReference; lastKnownFileType = sourcecode.cpp.cpp; name = PluginEditor.cpp; path = ../../Source/PluginEditor.cpp; sourceTree = "SOURCE_ROOT"; };
		C5837B44EACA33ED845E5CE9 = {isa = PBXFileReference; lastKnownFileType = sourcecode.cpp.cpp; name = ChuckCodeModelManager.cpp; path = ../../Source/ChuckCodeModelManager.cpp; sourceTree = "SOURCE_ROOT"; };
		C7BCD33E79699FC285B69CB2 = {isa = PBXFileReference; lastKnownFileType = sourcecode.c.h; name = "ulib_PluginParameters.h"; path = "../../Source/ulib_PluginParameters.h"; sourceTree = "SOURCE_ROOT"; };
		CB7435D6E7BBA1C04B4AED93 = {isa = PBXFileReference; lastKnownFileType = file; name = "juce_gui_basics"; path = "../../JuceLibraryCode/modules/juce_gui_basics"; sourceTree = "SOURCE_ROOT"; };
		D01DFC87579DF296327E238D = {isa = PBXFileReference; lastKnownFileType = file.svg; name = addcodeeditorUp.svg; path = ../../Resources/addcodeeditorUp.svg; sourceTree = "SOURCE_ROOT"; };
		D292192FCDBDF0B4D2E4BC46 = {isa = PBXFileReference; lastKnownFileType = sourcecode.cpp.cpp; name = MainViewComponent.cpp; path = ../../Source/MainViewComponent.cpp; sourceTree = "SOURCE_ROOT"; };
		D2A57B5B8731234BBF4E889F = {isa = PBXFileReference; lastKnownFileType = sourcecode.cpp.objcpp; name = "include_juce_audio_utils.mm"; path = "../../JuceLibraryCode/include_juce_audio_utils.mm"; sourceTree = "SOURCE_ROOT"; };
		D2BF3F7B51EB49E206ACCFA2 = {isa = PBXFileReference; lastKnownFileType = sourcecode.c.h; name = BinaryData.h; path = ../../JuceLibraryCode/BinaryData.h; sourceTree = "SOURCE_ROOT"; };
		D2E59870A4365F89356F113E = {isa = PBXFileReference; lastKnownFileType = sourcecode.c.h; name = FileManager.h; path = ../../Source/FileManager.h; sourceTree = "SOURCE_ROOT"; };
		D5459B40C2BF63C24CDBBD1E = {isa = PBXFileReference; lastKnownFileType = sourcecode.cpp.cpp; name = FilenameComponentExtra.cpp; path = ../../Source/FilenameComponentExtra.cpp; sourceTree = "SOURCE_ROOT"; };
		D5BCE9B9CF15124D71DCAE1C = {isa = PBXFileReference; lastKnownFileType = sourcecode.cpp.objcpp; name = "include_juce_events.mm"; path = "../../JuceLibraryCode/include_juce_events.mm"; sourceTree = "SOURCE_ROOT"; };
		DBD7FB6CA0CB853C89A0651B = {isa = PBXFileReference; lastKnownFileType = wrapper.framework; name = Accelerate.framework; path = System/Library/Frameworks/Accelerate.framework; sourceTree = SDKROOT; };
		DC383019A7EDFD5395997FC1 = {isa = PBXFileReference; lastKnownFileType = sourcecode.cpp.objcpp; name = "include_juce_audio_formats.mm"; path = "../../JuceLibraryCode/include_juce_audio_formats.mm"; sourceTree = "SOURCE_ROOT"; };
		DC7C86796152E0FB89BEB439 = {isa = PBXFileReference; lastKnownFileType = sourcecode.c.h; name = ParameterMapUI.h; path = ../../Source/ParameterMapUI.h; sourceTree = "SOURCE_ROOT"; };
		E6FF43BFA0F945287EF6C634 = {isa = PBXFileReference; lastKnownFileType = file.svg; name = addcodeeditorDown.svg; path = ../../Resources/addcodeeditorDown.svg; sourceTree = "SOURCE_ROOT"; };
		E7943C776526E31A2DF69BFA = {isa = PBXFileReference; lastKnownFileType = sourcecode.c.h; name = ChuckTokeniser.h; path = ../../Source/ChuckTokeniser.h; sourceTree = "SOURCE_ROOT"; };
		ED099E9C10220A757D7261E5 = {isa = PBXFileReference; lastKnownFileType = sourcecode.cpp.cpp; name = BinaryData.cpp; path = ../../JuceLibraryCode/BinaryData.cpp; sourceTree = "SOURCE_ROOT"; };
		EED05BD6CD675A3214FCF476 = {isa = PBXFileReference; lastKnownFileType = file; name = "juce_audio_plugin_client"; path = "../../JuceLibraryCode/modules/juce_audio_plugin_client"; sourceTree = "SOURCE_ROOT"; };
		F17C0C7FC34BC0D105CF15B9 = {isa = PBXFileReference; lastKnownFileType = sourcecode.c.h; name = CRTabbedComponentListener.h; path = ../../Source/CRTabbedComponentListener.h; sourceTree = "SOURCE_ROOT"; };
		F1C95913965A52E6E7BAC784 = {isa = PBXFileReference; lastKnownFileType = file; name = "juce_graphics"; path = "../../JuceLibraryCode/modules/juce_graphics"; sourceTree = "SOURCE_ROOT"; };
		F37B77C1D428879308032C28 = {isa = PBXFileReference; lastKnownFileType = wrapper.framework; name = Cocoa.framework; path = System/Library/Frameworks/Cocoa.framework; sourceTree = SDKROOT; };
		F68904EDC816145C83580A63 = {isa = PBXFileReference; lastKnownFileType = sourcecode.c.h; name = AppConfig.h; path = ../../JuceLibraryCode/AppConfig.h; sourceTree = "SOURCE_ROOT"; };
		FA022FBB61A50163EBA83B64 = {isa = PBXFileReference; lastKnownFileType = sourcecode.cpp.objcpp; name = "include_juce_audio_devices.mm"; path = "../../JuceLibraryCode/include_juce_audio_devices.mm"; sourceTree = "SOURCE_ROOT"; };
		FA9F3CADE99C16A8240E5DA3 = {isa = PBXFileReference; lastKnownFileType = sourcecode.cpp.cpp; name = ConsoleComponent.cpp; path = ../../Source/ConsoleComponent.cpp; sourceTree = "SOURCE_ROOT"; };
		FEDB42310CAB74B5F8E5A45D = {isa = PBXFileReference; lastKnownFileType = sourcecode.cpp.objcpp; name = "include_juce_graphics.mm"; path = "../../JuceLibraryCode/include_juce_graphics.mm"; sourceTree = "SOURCE_ROOT"; };
		E8E9EFF13A9B3C8D08C0D83F = {isa = PBXGroup; children = (
					9A368807AB806D43078FB43C,
					25978A8627DD1E036B2269C5,
					68E632E242C02DF0B464741B,
					44160157A89B1D42BD39840A,
					1D342B4359F1DE7CDBFAD8E4,
					0E9E20FCE34619481D7EF08F,
					688D62B71FD7B0C42F7536CD,
					D01DFC87579DF296327E238D,
					E6FF43BFA0F945287EF6C634, ); name = Resources; sourceTree = "<group>"; };
		206ED814943A50B3B3394DA8 = {isa = PBXGroup; children = (
					C5837B44EACA33ED845E5CE9,
					A16F66BF754286C8D340EB54,
					9E492B65A8C095082A98261E,
					B4D5A2633557A97663266B76,
					358F2318229424810E91D7AD,
					4D2BCFE919EEA23D57377CBB, ); name = main; sourceTree = "<group>"; };
		8BD4A4ACA682EE1838B4CDB8 = {isa = PBXGroup; children = (
					F17C0C7FC34BC0D105CF15B9,
					12FFC633ACD9ED51D101F636,
					391124AAA82B37ACE2EE831A,
					719E6609F910B805C4CCCB40,
					3ED21130FC7CE435B3B30C6D,
					646467F41DB3FC05DAA26DD9,
					1A6CBE555EBD0D72EEDAA1FE,
					FA9F3CADE99C16A8240E5DA3,
					A839224858F43D213DF9FEFF,
					B4CC0EAD82E8B2E33217517A,
					DC7C86796152E0FB89BEB439,
					C1F96D9B6D193DDD117CC893,
					111B0FC1048F5497D49157E4,
					D292192FCDBDF0B4D2E4BC46,
					32C499DDE894A45770F3B3F9,
					7619C75D333EFFED099E09E9,
					16D131028261C6BD5CC4CD7B,
					ADC95D53AA2A17A8EB51DB52,
					5FEEB829B9DB85C720F5AF59, ); name = UI; sourceTree = "<group>"; };
		23030ABFF8F636F9DEFDB851 = {isa = PBXGroup; children = (
					4F74D23DF62ECE3920A9214E,
					6C18B3D06AB548F359C2DBDD,
					7BC0D62D3D8B331374E8624D,
					D2E59870A4365F89356F113E,
					D5459B40C2BF63C24CDBBD1E,
					83F2F7D73A63E2A8EEFFE2DD,
					74FCF5A0D3E62FF5C5B7112E,
					4B1801D08CE3E1E57FA73267,
					4AA595D8BAD217018EDC2F9A,
					7044DD9ED9367B0450A3F825,
					E7943C776526E31A2DF69BFA,
					17D53C11CF15A60493E9D90C,
					B55099207B3F38EA78C60820,
					44031EBA1FE062BE27783D0E,
					3D685DE37B614DE8BAF1F187,
					0771327756FC7D999B495D94,
					294E3E869137E5113BBA10C1, ); name = other; sourceTree = "<group>"; };
		1BFE822D9FFCA40DF3C53B05 = {isa = PBXGroup; children = (
					B33C735F9820A5E1EC11B799,
					C7BCD33E79699FC285B69CB2,
					09062C9D0352D334026BEAE3,
					947F65758EB771DFA70AE2DF, ); name = "Chuck extensions"; sourceTree = "<group>"; };
		7371BF174E02CD1C54E55137 = {isa = PBXGroup; children = (
					206ED814943A50B3B3394DA8,
					8BD4A4ACA682EE1838B4CDB8,
					23030ABFF8F636F9DEFDB851,
					1BFE822D9FFCA40DF3C53B05, ); name = Source; sourceTree = "<group>"; };
		652CA630B63EF529752E7AC1 = {isa = PBXGroup; children = (
					62F70C7DE15C27ADF6D3B1FD, ); name = mac; sourceTree = "<group>"; };
		2528430D2D40891CCA1BDAB2 = {isa = PBXGroup; children = (
					652CA630B63EF529752E7AC1, ); name = libraries; sourceTree = "<group>"; };
		5A7D26DD4FE258623D696E23 = {isa = PBXGroup; children = (
					E8E9EFF13A9B3C8D08C0D83F,
					7371BF174E02CD1C54E55137,
					2528430D2D40891CCA1BDAB2, ); name = ChuckRacks; sourceTree = "<group>"; };
		7C0DC26007E36336E49667CD = {isa = PBXGroup; children = (
					3990AA8A5DC511B7C24F926B,
					9330D02A956C9B0ED38F5551,
					0449767416B56741D4F272F8,
					EED05BD6CD675A3214FCF476,
					38603912A10D6129FFD78C79,
					9F5646D10C8B5FA05941A848,
					623AF0FE484C72B8604C73C9,
					B0BF4EC56B865ABC0FECE1D3,
					353DA916A55CC07545305214,
					F1C95913965A52E6E7BAC784,
					CB7435D6E7BBA1C04B4AED93,
					8AE6546704C3CC31A8851AE4, ); name = "Juce Modules"; sourceTree = "<group>"; };
		847781C784B873B2EAAC25CD = {isa = PBXGroup; children = (
					F68904EDC816145C83580A63,
					ED099E9C10220A757D7261E5,
					D2BF3F7B51EB49E206ACCFA2,
					51068E753805CFB7DC211DBC,
					FA022FBB61A50163EBA83B64,
					DC383019A7EDFD5395997FC1,
					A53472E47A1F91BC46757B9C,
					AE018512E108066AFE76FB50,
					62DCE4CB8195CDD0655347FC,
					593E99DA6524932B29B43E78,
					02DDE49AA4A3D4CC13E8565C,
					3BDEFF99B4437E1B4FB8610E,
					AB3BB43B6549F1971554F59E,
					D2A57B5B8731234BBF4E889F,
					0906E95986AF186C72410987,
					859273B489FB16E7094D539A,
					D5BCE9B9CF15124D71DCAE1C,
					FEDB42310CAB74B5F8E5A45D,
					6B199CD0027ADE614EAE98C8,
					19F3A0E13FA72C2A668373FB,
					949FA4AE289B5A5D77148383, ); name = "Juce Library Code"; sourceTree = "<group>"; };
		88447E88E2F3E495C721E341 = {isa = PBXGroup; children = (
					A48222AC3AD53771428D6D9F,
					8F0D3FA2F8AB362DB15D6AD5,
					7D3F07ABCAF731783E52330A, ); name = Resources; sourceTree = "<group>"; };
		D30ABE40A2B89197C8094ECF = {isa = PBXGroup; children = (
					DBD7FB6CA0CB853C89A0651B,
					685B3E834B154838B44ADE93,
					195CFC445B6838C7A3463102,
					5DA2CF5F91DC7AE5BCF912F8,
					F37B77C1D428879308032C28,
					C0DC75FDA964B64D0D37F768,
					9AF646D6EE5D5F17A7A9DB57,
					787344115D1704640525E130,
					206E6FCCC03DD6647D442E10,
					0DFBEF76EC888A3185AFDAB9,
					7D1F6B53A4F187489129DCF8,
					07EAFBEC9017119381EC3443, ); name = Frameworks; sourceTree = "<group>"; };
		CC607A198CD670AA9A7FE936 = {isa = PBXGroup; children = (
					068FBDA583B72A4B0618203C,
					D093917DE6637B1167421778,
					3ECD50A7CBBB98D18F582A0B, ); name = Products; sourceTree = "<group>"; };
		34636A7707BE4F4C4C2E0B6A = {isa = PBXGroup; children = (
					A2CE0C1F363290A5C331688C,
					5A7D26DD4FE258623D696E23,
					7C0DC26007E36336E49667CD,
					847781C784B873B2EAAC25CD,
					88447E88E2F3E495C721E341,
					D30ABE40A2B89197C8094ECF,
					CC607A198CD670AA9A7FE936, ); name = Source; sourceTree = "<group>"; };
		1C775BDD1B118794F6E42FAC = {isa = XCBuildConfiguration; buildSettings = {  }; name = Debug; };
		62CAD09CB1D4EF709C31FD24 = {isa = XCBuildConfiguration; buildSettings = {  }; name = Release; };
		09D46D4A9A42B426D3F5F326 = {isa = XCBuildConfiguration; buildSettings = {
				ARCHS = "$(ARCHS_STANDARD_32_64_BIT)";
				CLANG_CXX_LANGUAGE_STANDARD = "c++0x";
				CLANG_CXX_LANGUAGE_STANDARD = "c++11";
				CLANG_CXX_LIBRARY = "libc++";
				CLANG_LINK_OBJC_RUNTIME = NO;
				COMBINE_HIDPI_IMAGES = YES;
				CONFIGURATION_BUILD_DIR = "$(PROJECT_DIR)/build/$(CONFIGURATION)";
				COPY_PHASE_STRIP = NO;
				DEPLOYMENT_LOCATION = YES;
				DSTROOT = /;
				GCC_DYNAMIC_NO_PIC = NO;
				GCC_OPTIMIZATION_LEVEL = 0;
				GCC_PREPROCESSOR_DEFINITIONS = (
					"_DEBUG=1",
					"DEBUG=1",
					"__MACOSX_CORE__",
					"JUCER_XCODE_MAC_F6D2F4CF=1",
					"JUCE_APP_VERSION=0.9",
					"JUCE_APP_VERSION_HEX=0x900",
					"JucePlugin_Build_VST=1",
					"JucePlugin_Build_VST3=0",
					"JucePlugin_Build_AU=0",
					"JucePlugin_Build_AUv3=0",
					"JucePlugin_Build_RTAS=0",
					"JucePlugin_Build_AAX=0",
					"JucePlugin_Build_Standalone=0", );
				GCC_VERSION = com.apple.compilers.llvm.clang.1_0;
				GENERATE_PKGINFO_FILE = YES;
				HEADER_SEARCH_PATHS = ("../../JuceLibraryCode", "../../JuceLibraryCode/modules", "$(PROJECT_DIR)/../../libchuck", "$(PROJECT_DIR)/../../libchuck/chuck/src", "../../JuceLibraryCode/modules/juce_audio_plugin_client", "$(inherited)");
				INFOPLIST_FILE = Info-VST.plist;
				INSTALL_PATH = "$(HOME)/Library/Audio/Plug-Ins/VST/";
				LIBRARY_SEARCH_PATHS = ("$(inherited)", "\"$(PROJECT_DIR)/../../libraries/mac\"");
				LIBRARY_STYLE = Bundle;
				MACOSX_DEPLOYMENT_TARGET = 10.9;
				MACOSX_DEPLOYMENT_TARGET_ppc = 10.4;
				OTHER_LDFLAGS = "-bundle -lChuckRacks -F/System/Library/PrivateFrameworks -weak_framework MultitouchSupport -lchuck";
				PRODUCT_BUNDLE_IDENTIFIER = edu.mtiid.ChuckRacks;
				SDKROOT_ppc = macosx10.5;
				USE_HEADERMAP = NO;
				WRAPPER_EXTENSION = vst; }; name = Debug; };
		BFCFBCEDA3ABC751648D9467 = {isa = XCBuildConfiguration; buildSettings = {
				ARCHS = "$(ARCHS_STANDARD_32_64_BIT)";
				CLANG_CXX_LANGUAGE_STANDARD = "c++0x";
				CLANG_CXX_LANGUAGE_STANDARD = "c++11";
				CLANG_CXX_LIBRARY = "libc++";
				CLANG_LINK_OBJC_RUNTIME = NO;
				COMBINE_HIDPI_IMAGES = YES;
				CONFIGURATION_BUILD_DIR = "$(PROJECT_DIR)/build/$(CONFIGURATION)";
				DEAD_CODE_STRIPPING = YES;
				DEPLOYMENT_LOCATION = YES;
				DSTROOT = /;
				GCC_GENERATE_DEBUGGING_SYMBOLS = NO;
				GCC_OPTIMIZATION_LEVEL = 3;
				GCC_PREPROCESSOR_DEFINITIONS = (
					"_NDEBUG=1",
					"NDEBUG=1",
					"__MACOSX_CORE__",
					"JUCER_XCODE_MAC_F6D2F4CF=1",
					"JUCE_APP_VERSION=0.9",
					"JUCE_APP_VERSION_HEX=0x900",
					"JucePlugin_Build_VST=1",
					"JucePlugin_Build_VST3=0",
					"JucePlugin_Build_AU=0",
					"JucePlugin_Build_AUv3=0",
					"JucePlugin_Build_RTAS=0",
					"JucePlugin_Build_AAX=0",
					"JucePlugin_Build_Standalone=0", );
				GCC_SYMBOLS_PRIVATE_EXTERN = YES;
				GCC_VERSION = com.apple.compilers.llvm.clang.1_0;
				GENERATE_PKGINFO_FILE = YES;
				HEADER_SEARCH_PATHS = ("../../JuceLibraryCode", "../../JuceLibraryCode/modules", "$(PROJECT_DIR)/../../libchuck", "$(PROJECT_DIR)/../../libchuck/chuck/src", "../../JuceLibraryCode/modules/juce_audio_plugin_client", "$(inherited)");
				INFOPLIST_FILE = Info-VST.plist;
				INSTALL_PATH = "$(HOME)/Library/Audio/Plug-Ins/VST/";
				LIBRARY_SEARCH_PATHS = ("$(inherited)", "\"$(PROJECT_DIR)/../../libraries/mac\"");
				LIBRARY_STYLE = Bundle;
				MACOSX_DEPLOYMENT_TARGET = 10.9;
				MACOSX_DEPLOYMENT_TARGET_ppc = 10.4;
				OTHER_LDFLAGS = "-bundle -lChuckRacks -F/System/Library/PrivateFrameworks -weak_framework MultitouchSupport -lchuck";
				PRODUCT_BUNDLE_IDENTIFIER = edu.mtiid.ChuckRacks;
				SDKROOT_ppc = macosx10.5;
				USE_HEADERMAP = NO;
				WRAPPER_EXTENSION = vst; }; name = Release; };
		AC6EC4F747A6F779EF2AC222 = {isa = XCBuildConfiguration; buildSettings = {
				ARCHS = "$(ARCHS_STANDARD_32_64_BIT)";
				CLANG_CXX_LANGUAGE_STANDARD = "c++0x";
				CLANG_CXX_LANGUAGE_STANDARD = "c++11";
				CLANG_CXX_LIBRARY = "libc++";
				CLANG_LINK_OBJC_RUNTIME = NO;
				COMBINE_HIDPI_IMAGES = YES;
				CONFIGURATION_BUILD_DIR = "$(PROJECT_DIR)/build/$(CONFIGURATION)";
				COPY_PHASE_STRIP = NO;
				DEPLOYMENT_LOCATION = YES;
				DSTROOT = /;
				GCC_DYNAMIC_NO_PIC = NO;
				GCC_OPTIMIZATION_LEVEL = 0;
				GCC_PREPROCESSOR_DEFINITIONS = (
					"_DEBUG=1",
					"DEBUG=1",
					"__MACOSX_CORE__",
					"JUCER_XCODE_MAC_F6D2F4CF=1",
					"JUCE_APP_VERSION=0.9",
					"JUCE_APP_VERSION_HEX=0x900",
					"JucePlugin_Build_VST=0",
					"JucePlugin_Build_VST3=0",
					"JucePlugin_Build_AU=1",
					"JucePlugin_Build_AUv3=0",
					"JucePlugin_Build_RTAS=0",
					"JucePlugin_Build_AAX=0",
					"JucePlugin_Build_Standalone=0", );
				GCC_VERSION = com.apple.compilers.llvm.clang.1_0;
				GENERATE_PKGINFO_FILE = YES;
				HEADER_SEARCH_PATHS = ("../../JuceLibraryCode", "../../JuceLibraryCode/modules", "$(PROJECT_DIR)/../../libchuck", "$(PROJECT_DIR)/../../libchuck/chuck/src", "../../JuceLibraryCode/modules/juce_audio_plugin_client", "$(inherited)");
				INFOPLIST_FILE = Info-AU.plist;
				INSTALL_PATH = "$(HOME)/Library/Audio/Plug-Ins/Components/";
				LIBRARY_SEARCH_PATHS = ("$(inherited)", "\"$(PROJECT_DIR)/../../libraries/mac\"");
				LIBRARY_STYLE = Bundle;
				MACOSX_DEPLOYMENT_TARGET = 10.9;
				MACOSX_DEPLOYMENT_TARGET_ppc = 10.4;
				OTHER_LDFLAGS = "-bundle -lChuckRacks -F/System/Library/PrivateFrameworks -weak_framework MultitouchSupport -lchuck";
				OTHER_REZFLAGS = "-d ppc_$ppc -d i386_$i386 -d ppc64_$ppc64 -d x86_64_$x86_64 -I /System/Library/Frameworks/CoreServices.framework/Frameworks/CarbonCore.framework/Versions/A/Headers -I \"$(DEVELOPER_DIR)/Extras/CoreAudio/AudioUnits/AUPublic/AUBase\"";
				PRODUCT_BUNDLE_IDENTIFIER = edu.mtiid.ChuckRacks;
				SDKROOT_ppc = macosx10.5;
				USE_HEADERMAP = NO;
				WRAPPER_EXTENSION = component; }; name = Debug; };
		B567129B868B651F8541B2A0 = {isa = XCBuildConfiguration; buildSettings = {
				ARCHS = "$(ARCHS_STANDARD_32_64_BIT)";
				CLANG_CXX_LANGUAGE_STANDARD = "c++0x";
				CLANG_CXX_LANGUAGE_STANDARD = "c++11";
				CLANG_CXX_LIBRARY = "libc++";
				CLANG_LINK_OBJC_RUNTIME = NO;
				COMBINE_HIDPI_IMAGES = YES;
				CONFIGURATION_BUILD_DIR = "$(PROJECT_DIR)/build/$(CONFIGURATION)";
				DEAD_CODE_STRIPPING = YES;
				DEPLOYMENT_LOCATION = YES;
				DSTROOT = /;
				GCC_GENERATE_DEBUGGING_SYMBOLS = NO;
				GCC_OPTIMIZATION_LEVEL = 3;
				GCC_PREPROCESSOR_DEFINITIONS = (
					"_NDEBUG=1",
					"NDEBUG=1",
					"__MACOSX_CORE__",
					"JUCER_XCODE_MAC_F6D2F4CF=1",
					"JUCE_APP_VERSION=0.9",
					"JUCE_APP_VERSION_HEX=0x900",
					"JucePlugin_Build_VST=0",
					"JucePlugin_Build_VST3=0",
					"JucePlugin_Build_AU=1",
					"JucePlugin_Build_AUv3=0",
					"JucePlugin_Build_RTAS=0",
					"JucePlugin_Build_AAX=0",
					"JucePlugin_Build_Standalone=0", );
				GCC_SYMBOLS_PRIVATE_EXTERN = YES;
				GCC_VERSION = com.apple.compilers.llvm.clang.1_0;
				GENERATE_PKGINFO_FILE = YES;
				HEADER_SEARCH_PATHS = ("../../JuceLibraryCode", "../../JuceLibraryCode/modules", "$(PROJECT_DIR)/../../libchuck", "$(PROJECT_DIR)/../../libchuck/chuck/src", "../../JuceLibraryCode/modules/juce_audio_plugin_client", "$(inherited)");
				INFOPLIST_FILE = Info-AU.plist;
				INSTALL_PATH = "$(HOME)/Library/Audio/Plug-Ins/Components/";
				LIBRARY_SEARCH_PATHS = ("$(inherited)", "\"$(PROJECT_DIR)/../../libraries/mac\"");
				LIBRARY_STYLE = Bundle;
				MACOSX_DEPLOYMENT_TARGET = 10.9;
				MACOSX_DEPLOYMENT_TARGET_ppc = 10.4;
				OTHER_LDFLAGS = "-bundle -lChuckRacks -F/System/Library/PrivateFrameworks -weak_framework MultitouchSupport -lchuck";
				OTHER_REZFLAGS = "-d ppc_$ppc -d i386_$i386 -d ppc64_$ppc64 -d x86_64_$x86_64 -I /System/Library/Frameworks/CoreServices.framework/Frameworks/CarbonCore.framework/Versions/A/Headers -I \"$(DEVELOPER_DIR)/Extras/CoreAudio/AudioUnits/AUPublic/AUBase\"";
				PRODUCT_BUNDLE_IDENTIFIER = edu.mtiid.ChuckRacks;
				SDKROOT_ppc = macosx10.5;
				USE_HEADERMAP = NO;
				WRAPPER_EXTENSION = component; }; name = Release; };
		2948924665151481B5E95E19 = {isa = XCBuildConfiguration; buildSettings = {
				ARCHS = "$(ARCHS_STANDARD_32_64_BIT)";
				CLANG_CXX_LANGUAGE_STANDARD = "c++0x";
				CLANG_CXX_LANGUAGE_STANDARD = "c++11";
				CLANG_CXX_LIBRARY = "libc++";
				CLANG_LINK_OBJC_RUNTIME = NO;
				COMBINE_HIDPI_IMAGES = YES;
				CONFIGURATION_BUILD_DIR = "$(PROJECT_DIR)/build/$(CONFIGURATION)";
				COPY_PHASE_STRIP = NO;
				GCC_DYNAMIC_NO_PIC = NO;
				GCC_OPTIMIZATION_LEVEL = 0;
				GCC_PREPROCESSOR_DEFINITIONS = (
					"_DEBUG=1",
					"DEBUG=1",
					"__MACOSX_CORE__",
					"JUCER_XCODE_MAC_F6D2F4CF=1",
					"JUCE_APP_VERSION=0.9",
					"JUCE_APP_VERSION_HEX=0x900",
					"JucePlugin_Build_VST=1",
					"JucePlugin_Build_VST3=0",
					"JucePlugin_Build_AU=1",
					"JucePlugin_Build_AUv3=0",
					"JucePlugin_Build_RTAS=0",
					"JucePlugin_Build_AAX=0",
					"JucePlugin_Build_Standalone=0",
					"JUCE_SHARED_CODE=1", );
				GCC_VERSION = com.apple.compilers.llvm.clang.1_0;
				HEADER_SEARCH_PATHS = ("../../JuceLibraryCode", "../../JuceLibraryCode/modules", "$(PROJECT_DIR)/../../libchuck", "$(PROJECT_DIR)/../../libchuck/chuck/src", "../../JuceLibraryCode/modules/juce_audio_plugin_client", "$(inherited)");
				INSTALL_PATH = "@executable_path/../Frameworks";
				LIBRARY_SEARCH_PATHS = ("$(inherited)", "\"$(PROJECT_DIR)/../../libraries/mac\"");
				MACOSX_DEPLOYMENT_TARGET = 10.9;
				MACOSX_DEPLOYMENT_TARGET_ppc = 10.4;
				OTHER_LDFLAGS = "-F/System/Library/PrivateFrameworks -weak_framework MultitouchSupport -lchuck";
				PRODUCT_BUNDLE_IDENTIFIER = edu.mtiid.ChuckRacks;
				SDKROOT_ppc = macosx10.5;
				USE_HEADERMAP = NO; }; name = Debug; };
		E09A79D43CFA50D857239CE4 = {isa = XCBuildConfiguration; buildSettings = {
				ARCHS = "$(ARCHS_STANDARD_32_64_BIT)";
				CLANG_CXX_LANGUAGE_STANDARD = "c++0x";
				CLANG_CXX_LANGUAGE_STANDARD = "c++11";
				CLANG_CXX_LIBRARY = "libc++";
				CLANG_LINK_OBJC_RUNTIME = NO;
				COMBINE_HIDPI_IMAGES = YES;
				CONFIGURATION_BUILD_DIR = "$(PROJECT_DIR)/build/$(CONFIGURATION)";
				DEAD_CODE_STRIPPING = YES;
				GCC_GENERATE_DEBUGGING_SYMBOLS = NO;
				GCC_OPTIMIZATION_LEVEL = 3;
				GCC_PREPROCESSOR_DEFINITIONS = (
					"_NDEBUG=1",
					"NDEBUG=1",
					"__MACOSX_CORE__",
					"JUCER_XCODE_MAC_F6D2F4CF=1",
					"JUCE_APP_VERSION=0.9",
					"JUCE_APP_VERSION_HEX=0x900",
					"JucePlugin_Build_VST=1",
					"JucePlugin_Build_VST3=0",
					"JucePlugin_Build_AU=1",
					"JucePlugin_Build_AUv3=0",
					"JucePlugin_Build_RTAS=0",
					"JucePlugin_Build_AAX=0",
					"JucePlugin_Build_Standalone=0",
					"JUCE_SHARED_CODE=1", );
				GCC_SYMBOLS_PRIVATE_EXTERN = YES;
				GCC_VERSION = com.apple.compilers.llvm.clang.1_0;
				HEADER_SEARCH_PATHS = ("../../JuceLibraryCode", "../../JuceLibraryCode/modules", "$(PROJECT_DIR)/../../libchuck", "$(PROJECT_DIR)/../../libchuck/chuck/src", "../../JuceLibraryCode/modules/juce_audio_plugin_client", "$(inherited)");
				INSTALL_PATH = "@executable_path/../Frameworks";
				LIBRARY_SEARCH_PATHS = ("$(inherited)", "\"$(PROJECT_DIR)/../../libraries/mac\"");
				MACOSX_DEPLOYMENT_TARGET = 10.9;
				MACOSX_DEPLOYMENT_TARGET_ppc = 10.4;
				OTHER_LDFLAGS = "-F/System/Library/PrivateFrameworks -weak_framework MultitouchSupport -lchuck";
				PRODUCT_BUNDLE_IDENTIFIER = edu.mtiid.ChuckRacks;
				SDKROOT_ppc = macosx10.5;
				USE_HEADERMAP = NO; }; name = Release; };
		9BA1815A52351B00F5F37E4A = {isa = XCBuildConfiguration; buildSettings = {
				ALWAYS_SEARCH_USER_PATHS = NO;
				DEBUG_INFORMATION_FORMAT = "dwarf";
				ENABLE_TESTABILITY = YES;
				GCC_C_LANGUAGE_STANDARD = c11;
				GCC_INLINES_ARE_PRIVATE_EXTERN = YES;
				GCC_MODEL_TUNING = G5;
				GCC_WARN_ABOUT_RETURN_TYPE = YES;
				GCC_WARN_CHECK_SWITCH_STATEMENTS = YES;
				GCC_WARN_MISSING_PARENTHESES = YES;
				GCC_WARN_NON_VIRTUAL_DESTRUCTOR = YES;
				GCC_WARN_TYPECHECK_CALLS_TO_PRINTF = YES;
				GCC_WARN_UNUSED_VARIABLE = YES;
				PRODUCT_NAME = "ChuckRacks";
				WARNING_CFLAGS = -Wreorder;
				ZERO_LINK = NO; }; name = Debug; };
		4147A33DCD28493D34DC4AAF = {isa = XCBuildConfiguration; buildSettings = {
				ALWAYS_SEARCH_USER_PATHS = NO;
				DEBUG_INFORMATION_FORMAT = "dwarf";
				GCC_C_LANGUAGE_STANDARD = c11;
				GCC_INLINES_ARE_PRIVATE_EXTERN = YES;
				GCC_MODEL_TUNING = G5;
				GCC_WARN_ABOUT_RETURN_TYPE = YES;
				GCC_WARN_CHECK_SWITCH_STATEMENTS = YES;
				GCC_WARN_MISSING_PARENTHESES = YES;
				GCC_WARN_NON_VIRTUAL_DESTRUCTOR = YES;
				GCC_WARN_TYPECHECK_CALLS_TO_PRINTF = YES;
				GCC_WARN_UNUSED_VARIABLE = YES;
				PRODUCT_NAME = "ChuckRacks";
				WARNING_CFLAGS = -Wreorder;
				ZERO_LINK = NO; }; name = Release; };
		2C10DECC6423C9A130606A33 = {isa = PBXTargetDependency; target = 2CC2BEEBC54AD84D910B8F2A; };
		D0EFC23C80CC5D3B3B4BFF16 = {isa = PBXTargetDependency; target = FCDB9E4F47C1267DE8740CDB; };
		AC47F01C73A543FBD25960AD = {isa = PBXTargetDependency; target = A688325D2EEEF27BD3C63650; };
		3E8EE7C955D148CE77A832EE = {isa = XCConfigurationList; buildConfigurations = (
					9BA1815A52351B00F5F37E4A,
					4147A33DCD28493D34DC4AAF, ); defaultConfigurationIsVisible = 0; defaultConfigurationName = Debug; };
		73B73054ABE7BF9FE38B1F0C = {isa = XCConfigurationList; buildConfigurations = (
					1C775BDD1B118794F6E42FAC,
					62CAD09CB1D4EF709C31FD24, ); defaultConfigurationIsVisible = 0; defaultConfigurationName = Debug; };
		55D45A7FC1BB65B1697C1FB8 = {isa = PBXAggregateTarget; buildConfigurationList = 73B73054ABE7BF9FE38B1F0C; buildPhases = (  ); buildRules = ( ); dependencies = (
					2C10DECC6423C9A130606A33,
					D0EFC23C80CC5D3B3B4BFF16,
					AC47F01C73A543FBD25960AD, ); name = "ChuckRacks - All"; productName = ChuckRacks; };
		9BC92943BA3A5058F311DA46 = {isa = XCConfigurationList; buildConfigurations = (
					09D46D4A9A42B426D3F5F326,
					BFCFBCEDA3ABC751648D9467, ); defaultConfigurationIsVisible = 0; defaultConfigurationName = Debug; };
		04BA8C48A8FC80A24D394FE8 = {isa = PBXResourcesBuildPhase; buildActionMask = 2147483647; files = (
					41AA8EF9F9A37650287B3C4B, ); runOnlyForDeploymentPostprocessing = 0; };
		279B05F68A9A8D4DA7B17644 = {isa = PBXSourcesBuildPhase; buildActionMask = 2147483647; files = (
					E7D66F95C7B008DA3954EF05, ); runOnlyForDeploymentPostprocessing = 0; };
		8110C30662967EEE79DB62B9 = {isa = PBXFrameworksBuildPhase; buildActionMask = 2147483647; files = (
					97D1724F30FED339BA1FCAE0,
					AA32D3B2BA9F4B483A6FF28A,
					FEC164B4D1E12C146AE209D8,
					A2CA3E5194D4C2AA9BBEF7CC,
					1FC71803D66A573DDE3CE3C9,
					2C686F578A12A167033FEE54,
					9FE14C00037A41A8DD5E08D2,
					DDA0C37BAC41AB7959C75680,
					E42A72286CF6C0E2BCE738B7,
					3C56620C2BE81F01FAC30415, ); runOnlyForDeploymentPostprocessing = 0; };
		2CC2BEEBC54AD84D910B8F2A = {isa = PBXNativeTarget; buildConfigurationList = 9BC92943BA3A5058F311DA46; buildPhases = (
					04BA8C48A8FC80A24D394FE8,
					279B05F68A9A8D4DA7B17644,
					8110C30662967EEE79DB62B9, ); buildRules = ( ); dependencies = (
					AC47F01C73A543FBD25960AD, ); name = "ChuckRacks - VST"; productName = ChuckRacks; productReference = 068FBDA583B72A4B0618203C; productType = "com.apple.product-type.bundle"; };
		C30A272C2705EC2029E71E5A = {isa = XCConfigurationList; buildConfigurations = (
					AC6EC4F747A6F779EF2AC222,
					B567129B868B651F8541B2A0, ); defaultConfigurationIsVisible = 0; defaultConfigurationName = Debug; };
		CD108D545E2FAF7A24326DA0 = {isa = PBXResourcesBuildPhase; buildActionMask = 2147483647; files = (
					41AA8EF9F9A37650287B3C4B, ); runOnlyForDeploymentPostprocessing = 0; };
		F41125485DEFDAA23B80D426 = {isa = PBXRezBuildPhase; buildActionMask = 2147483647; files = (
					849E4B9E994CC4639F9D9C54, ); runOnlyForDeploymentPostprocessing = 0; };
		833308796073B722EC91F6F9 = {isa = PBXSourcesBuildPhase; buildActionMask = 2147483647; files = (
					73669F7F243F50900CD0DDE1,
					462A2DC140B7792E7962CBF5, ); runOnlyForDeploymentPostprocessing = 0; };
		C348C80893BAB7C28E54A507 = {isa = PBXFrameworksBuildPhase; buildActionMask = 2147483647; files = (
					97D1724F30FED339BA1FCAE0,
					AA32D3B2BA9F4B483A6FF28A,
					261C0F7B26470BDD23DB86B4,
					FEC164B4D1E12C146AE209D8,
					A2CA3E5194D4C2AA9BBEF7CC,
					1FC71803D66A573DDE3CE3C9,
					41EF463C28A4B8B0DD7B54E0,
					2C686F578A12A167033FEE54,
					9FE14C00037A41A8DD5E08D2,
					DDA0C37BAC41AB7959C75680,
					E42A72286CF6C0E2BCE738B7,
					3C56620C2BE81F01FAC30415, ); runOnlyForDeploymentPostprocessing = 0; };
		FCDB9E4F47C1267DE8740CDB = {isa = PBXNativeTarget; buildConfigurationList = C30A272C2705EC2029E71E5A; buildPhases = (
					CD108D545E2FAF7A24326DA0,
					F41125485DEFDAA23B80D426,
					833308796073B722EC91F6F9,
					C348C80893BAB7C28E54A507, ); buildRules = ( ); dependencies = (
					AC47F01C73A543FBD25960AD, ); name = "ChuckRacks - AU"; productName = ChuckRacks; productReference = D093917DE6637B1167421778; productType = "com.apple.product-type.bundle"; };
		52E30A729B89190B4F71BAB6 = {isa = XCConfigurationList; buildConfigurations = (
					2948924665151481B5E95E19,
					E09A79D43CFA50D857239CE4, ); defaultConfigurationIsVisible = 0; defaultConfigurationName = Debug; };
		83F4532A5B736017062892D0 = {isa = PBXSourcesBuildPhase; buildActionMask = 2147483647; files = (
					B9A1DF8872E33A44158F9849,
					570A811C00E304BFACA7F414,
					1D6D62CEEB7A0B7C97027042,
					C9E4753543DACD5BA229AC2F,
					00DDC687CE21D492B84A616B,
					B14AB33CF4142843D7F33C6D,
					06FECC30DE41F62B01E513C9,
					348A995D1CE297C7DE3BC852,
					46E7A7CDC463B141B9F00DF6,
					57804041BB4814323F8E93B4,
					B2CE6BBB128B4C54204C2F52,
					230A49204E62A3ED1BABC26E,
					3F87D414CCF97B510FBB15BC,
					1E25AF0A5E5D981F31D75E3C,
					A75795F7DA2FB4BDBECB45E3,
					681BBE84277E826CE97B620A,
					4B7026A27E66E718E0E3F2FB,
					D146D764FA2ECD7D5DB3C255,
					D7C9468BE08C65CC0D47C6ED,
					400764F7FA99804ECC5C23DD,
					90C529CEEFAC95DE80670339,
					3C19A985CC730E1C3A900AAB,
					107457B19E4CA1DF2368136B,
					87F60150A8ACA9BDB373B75F,
					A12B17872752723C29F7D5C5,
					4B5434A53AC267CA944328E8,
					2149927AC7A62085E7A27875,
					375C91DB6B6557C92A7079B6,
					9016CC57A47F209CE2AF6C55,
					A1A1C58594499C8619C13DD7,
					E34B323B3AB09B8AF90BA5C3,
					D8D42FA4DB783759BD6D4FA7,
					EF35FD607420D60B302ECC4B,
					A5B0D0BF95349DC390ECC3B8, ); runOnlyForDeploymentPostprocessing = 0; };
		A688325D2EEEF27BD3C63650 = {isa = PBXNativeTarget; buildConfigurationList = 52E30A729B89190B4F71BAB6; buildPhases = (
					83F4532A5B736017062892D0, ); buildRules = ( ); dependencies = (  ); name = "ChuckRacks - Shared Code"; productName = ChuckRacks; productReference = 3ECD50A7CBBB98D18F582A0B; productType = "com.apple.product-type.library.static"; };
		CCE4E2688D14EC4BFBC51676 = {isa = PBXProject; buildConfigurationList = 3E8EE7C955D148CE77A832EE; attributes = { LastUpgradeCheck = 0830; TargetAttributes = { 55D45A7FC1BB65B1697C1FB8 = { SystemCapabilities = {com.apple.InAppPurchase = { enabled = 0; }; com.apple.InterAppAudio = { enabled = 0; }; com.apple.Sandbox = { enabled = 0; }; }; };2CC2BEEBC54AD84D910B8F2A = { SystemCapabilities = {com.apple.InAppPurchase = { enabled = 0; }; com.apple.InterAppAudio = { enabled = 0; }; com.apple.Sandbox = { enabled = 0; }; }; };FCDB9E4F47C1267DE8740CDB = { SystemCapabilities = {com.apple.InAppPurchase = { enabled = 0; }; com.apple.InterAppAudio = { enabled = 0; }; com.apple.Sandbox = { enabled = 0; }; }; };A688325D2EEEF27BD3C63650 = { SystemCapabilities = {com.apple.InAppPurchase = { enabled = 0; }; com.apple.InterAppAudio = { enabled = 0; }; com.apple.Sandbox = { enabled = 0; }; }; }; }; }; compatibilityVersion = "Xcode 3.2"; hasScannedForEncodings = 0; mainGroup = 34636A7707BE4F4C4C2E0B6A; projectDirPath = ""; projectRoot = ""; targets = (55D45A7FC1BB65B1697C1FB8, 2CC2BEEBC54AD84D910B8F2A, FCDB9E4F47C1267DE8740CDB, A688325D2EEEF27BD3C63650); };
	};
	rootObject = CCE4E2688D14EC4BFBC51676;
}
